// !$*UTF8*$!
{
	archiveVersion = 1;
	classes = {
	};
	objectVersion = 46;
	objects = {

/* Begin PBXBuildFile section */
		EB0582591D9C0D2200E29C9B /* SpringboardLayout.m in Sources */ = {isa = PBXBuildFile; fileRef = EB0582581D9C0D2200E29C9B /* SpringboardLayout.m */; };
		EB11EDC61D9AB24900804D34 /* main.m in Sources */ = {isa = PBXBuildFile; fileRef = EB11EDC51D9AB24900804D34 /* main.m */; };
		EB11EDC91D9AB24900804D34 /* AppDelegate.m in Sources */ = {isa = PBXBuildFile; fileRef = EB11EDC81D9AB24900804D34 /* AppDelegate.m */; };
		EB11EDD11D9AB24900804D34 /* Assets.xcassets in Resources */ = {isa = PBXBuildFile; fileRef = EB11EDD01D9AB24900804D34 /* Assets.xcassets */; };
		EB11EDDF1D9AB24900804D34 /* RelaxAppTests.m in Sources */ = {isa = PBXBuildFile; fileRef = EB11EDDE1D9AB24900804D34 /* RelaxAppTests.m */; };
		EB11EDEA1D9AB24900804D34 /* RelaxAppUITests.m in Sources */ = {isa = PBXBuildFile; fileRef = EB11EDE91D9AB24900804D34 /* RelaxAppUITests.m */; };
		EB11EDFF1D9AB30B00804D34 /* HomeVC.m in Sources */ = {isa = PBXBuildFile; fileRef = EB11EDFD1D9AB30B00804D34 /* HomeVC.m */; };
		EB11EE001D9AB30B00804D34 /* HomeVC.xib in Resources */ = {isa = PBXBuildFile; fileRef = EB11EDFE1D9AB30B00804D34 /* HomeVC.xib */; };
		EB11EE031D9AB4BA00804D34 /* MainNavigationController.m in Sources */ = {isa = PBXBuildFile; fileRef = EB11EE021D9AB4BA00804D34 /* MainNavigationController.m */; };
		EB11EE0C1D9AB7AF00804D34 /* TabVC.m in Sources */ = {isa = PBXBuildFile; fileRef = EB11EE0A1D9AB7AF00804D34 /* TabVC.m */; };
		EB11EE0D1D9AB7AF00804D34 /* TabVC.xib in Resources */ = {isa = PBXBuildFile; fileRef = EB11EE0B1D9AB7AF00804D34 /* TabVC.xib */; };
		EB11EE111D9AC16100804D34 /* MainNavHome.m in Sources */ = {isa = PBXBuildFile; fileRef = EB11EE0F1D9AC16100804D34 /* MainNavHome.m */; };
		EB11EE121D9AC16100804D34 /* MainNavHome.xib in Resources */ = {isa = PBXBuildFile; fileRef = EB11EE101D9AC16100804D34 /* MainNavHome.xib */; };
		EB11EE151D9AC41600804D34 /* MainNavigationBaseView.m in Sources */ = {isa = PBXBuildFile; fileRef = EB11EE141D9AC41600804D34 /* MainNavigationBaseView.m */; };
		EB11EE191D9AC55300804D34 /* BaseNavigation.m in Sources */ = {isa = PBXBuildFile; fileRef = EB11EE171D9AC55300804D34 /* BaseNavigation.m */; };
		EB11EE1A1D9AC55300804D34 /* BaseNavigation.xib in Resources */ = {isa = PBXBuildFile; fileRef = EB11EE181D9AC55300804D34 /* BaseNavigation.xib */; };
		EB11EE591D9ADAFF00804D34 /* AVFoundation.framework in Frameworks */ = {isa = PBXBuildFile; fileRef = EB11EE581D9ADAFF00804D34 /* AVFoundation.framework */; };
		EB11EE661D9AEC5200804D34 /* CollectionVC.m in Sources */ = {isa = PBXBuildFile; fileRef = EB11EE651D9AEC5200804D34 /* CollectionVC.m */; };
		EB11EE681D9AEC7000804D34 /* CollectionVC.xib in Resources */ = {isa = PBXBuildFile; fileRef = EB11EE671D9AEC7000804D34 /* CollectionVC.xib */; };
		EB11EE6A1D9AF45000804D34 /* QuartzCore.framework in Frameworks */ = {isa = PBXBuildFile; fileRef = EB11EE691D9AF45000804D34 /* QuartzCore.framework */; };
		EB11EE6E1D9AF4A300804D34 /* CollectionCell.m in Sources */ = {isa = PBXBuildFile; fileRef = EB11EE6C1D9AF4A300804D34 /* CollectionCell.m */; };
		EB11EE6F1D9AF4A300804D34 /* CollectionCell.xib in Resources */ = {isa = PBXBuildFile; fileRef = EB11EE6D1D9AF4A300804D34 /* CollectionCell.xib */; };
		EB14BA6D1DA16FCA00385759 /* VolumeItem.m in Sources */ = {isa = PBXBuildFile; fileRef = EB14BA6B1DA16FCA00385759 /* VolumeItem.m */; };
		EB14BA6E1DA16FCA00385759 /* VolumeItem.xib in Resources */ = {isa = PBXBuildFile; fileRef = EB14BA6C1DA16FCA00385759 /* VolumeItem.xib */; };
		EB2552E01DA6ABD900FD4BC4 /* MDTimerBackGround.m in Sources */ = {isa = PBXBuildFile; fileRef = EB2552DF1DA6ABD900FD4BC4 /* MDTimerBackGround.m */; };
		EB4C7FDB1DA3F3BF003CD3D6 /* TimerCell.m in Sources */ = {isa = PBXBuildFile; fileRef = EB4C7FD61DA3F3BF003CD3D6 /* TimerCell.m */; };
		EB4C7FDC1DA3F3BF003CD3D6 /* TimerCell.xib in Resources */ = {isa = PBXBuildFile; fileRef = EB4C7FD71DA3F3BF003CD3D6 /* TimerCell.xib */; };
		EB4C7FDD1DA3F3BF003CD3D6 /* CreaterTimer.m in Sources */ = {isa = PBXBuildFile; fileRef = EB4C7FD91DA3F3BF003CD3D6 /* CreaterTimer.m */; };
		EB4C7FDE1DA3F3BF003CD3D6 /* CreaterTimer.xib in Resources */ = {isa = PBXBuildFile; fileRef = EB4C7FDA1DA3F3BF003CD3D6 /* CreaterTimer.xib */; };
		EB4C80001DA3FE69003CD3D6 /* LICENSE in Resources */ = {isa = PBXBuildFile; fileRef = EB4C7FE01DA3FE69003CD3D6 /* LICENSE */; };
		EB4C80011DA3FE69003CD3D6 /* README.md in Sources */ = {isa = PBXBuildFile; fileRef = EB4C7FE11DA3FE69003CD3D6 /* README.md */; };
		EB4C80021DA3FE69003CD3D6 /* NSData+ImageContentType.m in Sources */ = {isa = PBXBuildFile; fileRef = EB4C7FE41DA3FE69003CD3D6 /* NSData+ImageContentType.m */; };
		EB4C80031DA3FE69003CD3D6 /* SDImageCache.m in Sources */ = {isa = PBXBuildFile; fileRef = EB4C7FE61DA3FE69003CD3D6 /* SDImageCache.m */; };
		EB4C80041DA3FE69003CD3D6 /* SDWebImageCompat.m in Sources */ = {isa = PBXBuildFile; fileRef = EB4C7FE81DA3FE69003CD3D6 /* SDWebImageCompat.m */; };
		EB4C80051DA3FE69003CD3D6 /* SDWebImageDecoder.m in Sources */ = {isa = PBXBuildFile; fileRef = EB4C7FEA1DA3FE69003CD3D6 /* SDWebImageDecoder.m */; };
		EB4C80061DA3FE69003CD3D6 /* SDWebImageDownloader.m in Sources */ = {isa = PBXBuildFile; fileRef = EB4C7FEC1DA3FE69003CD3D6 /* SDWebImageDownloader.m */; };
		EB4C80071DA3FE69003CD3D6 /* SDWebImageDownloaderOperation.m in Sources */ = {isa = PBXBuildFile; fileRef = EB4C7FEE1DA3FE69003CD3D6 /* SDWebImageDownloaderOperation.m */; };
		EB4C80081DA3FE69003CD3D6 /* SDWebImageManager.m in Sources */ = {isa = PBXBuildFile; fileRef = EB4C7FF01DA3FE69003CD3D6 /* SDWebImageManager.m */; };
		EB4C80091DA3FE69003CD3D6 /* SDWebImagePrefetcher.m in Sources */ = {isa = PBXBuildFile; fileRef = EB4C7FF31DA3FE69003CD3D6 /* SDWebImagePrefetcher.m */; };
		EB4C800A1DA3FE69003CD3D6 /* UIButton+WebCache.m in Sources */ = {isa = PBXBuildFile; fileRef = EB4C7FF51DA3FE69003CD3D6 /* UIButton+WebCache.m */; };
		EB4C800B1DA3FE69003CD3D6 /* UIImage+GIF.m in Sources */ = {isa = PBXBuildFile; fileRef = EB4C7FF71DA3FE69003CD3D6 /* UIImage+GIF.m */; };
		EB4C800C1DA3FE69003CD3D6 /* UIImage+MultiFormat.m in Sources */ = {isa = PBXBuildFile; fileRef = EB4C7FF91DA3FE69003CD3D6 /* UIImage+MultiFormat.m */; };
		EB4C800D1DA3FE69003CD3D6 /* UIImageView+HighlightedWebCache.m in Sources */ = {isa = PBXBuildFile; fileRef = EB4C7FFB1DA3FE69003CD3D6 /* UIImageView+HighlightedWebCache.m */; };
		EB4C800E1DA3FE69003CD3D6 /* UIImageView+WebCache.m in Sources */ = {isa = PBXBuildFile; fileRef = EB4C7FFD1DA3FE69003CD3D6 /* UIImageView+WebCache.m */; };
		EB4C800F1DA3FE69003CD3D6 /* UIView+WebCacheOperation.m in Sources */ = {isa = PBXBuildFile; fileRef = EB4C7FFF1DA3FE69003CD3D6 /* UIView+WebCacheOperation.m */; };
		EB4C80131DA4094F003CD3D6 /* MBProgressHUD.m in Sources */ = {isa = PBXBuildFile; fileRef = EB4C80121DA4094F003CD3D6 /* MBProgressHUD.m */; };
		EB56B6001DA2B958001AFC87 /* AHTag.m in Sources */ = {isa = PBXBuildFile; fileRef = EB56B5FD1DA2B958001AFC87 /* AHTag.m */; };
		EB56B6091DA2B964001AFC87 /* AHTagsLabel.m in Sources */ = {isa = PBXBuildFile; fileRef = EB56B6031DA2B964001AFC87 /* AHTagsLabel.m */; };
		EB56B60A1DA2B964001AFC87 /* AHTagTableViewCell.m in Sources */ = {isa = PBXBuildFile; fileRef = EB56B6051DA2B964001AFC87 /* AHTagTableViewCell.m */; };
		EB56B60B1DA2B964001AFC87 /* AHTagTableViewCell.xib in Resources */ = {isa = PBXBuildFile; fileRef = EB56B6061DA2B964001AFC87 /* AHTagTableViewCell.xib */; };
		EB56B60C1DA2B964001AFC87 /* AHTagView.m in Sources */ = {isa = PBXBuildFile; fileRef = EB56B6081DA2B964001AFC87 /* AHTagView.m */; };
		EB56B60F1DA2C497001AFC87 /* FileHelper.m in Sources */ = {isa = PBXBuildFile; fileRef = EB56B60E1DA2C497001AFC87 /* FileHelper.m */; };
		EB56B6131DA2C697001AFC87 /* AddFavoriteView.m in Sources */ = {isa = PBXBuildFile; fileRef = EB56B6121DA2C697001AFC87 /* AddFavoriteView.m */; };
		EB56B6151DA2C6A9001AFC87 /* AddFavoriteView.xib in Resources */ = {isa = PBXBuildFile; fileRef = EB56B6141DA2C6A9001AFC87 /* AddFavoriteView.xib */; };
		EBC18F591DA0F508000E00FD /* DownLoadCategory.m in Sources */ = {isa = PBXBuildFile; fileRef = EBC18F581DA0F508000E00FD /* DownLoadCategory.m */; };
		EBFB07A41D9EA06000AF2569 /* FavoriteView.m in Sources */ = {isa = PBXBuildFile; fileRef = EBFB07A31D9EA06000AF2569 /* FavoriteView.m */; };
		EBFB07A61D9EA07300AF2569 /* FavoriteView.xib in Resources */ = {isa = PBXBuildFile; fileRef = EBFB07A51D9EA07300AF2569 /* FavoriteView.xib */; };
		EBFB07A91D9EA08700AF2569 /* TimerView.m in Sources */ = {isa = PBXBuildFile; fileRef = EBFB07A81D9EA08700AF2569 /* TimerView.m */; };
		EBFB07AB1D9EA0A100AF2569 /* TimerView.xib in Resources */ = {isa = PBXBuildFile; fileRef = EBFB07AA1D9EA0A100AF2569 /* TimerView.xib */; };
		EBFB07AE1D9EA0C100AF2569 /* SettingView.m in Sources */ = {isa = PBXBuildFile; fileRef = EBFB07AD1D9EA0C100AF2569 /* SettingView.m */; };
		EBFB07B01D9EA0D300AF2569 /* SettingView.xib in Resources */ = {isa = PBXBuildFile; fileRef = EBFB07AF1D9EA0D300AF2569 /* SettingView.xib */; };
		EBFB07B31D9EA1F000AF2569 /* BaseView.m in Sources */ = {isa = PBXBuildFile; fileRef = EBFB07B21D9EA1F000AF2569 /* BaseView.m */; };
		EBFB07B61D9EAD7200AF2569 /* VolumeView.m in Sources */ = {isa = PBXBuildFile; fileRef = EBFB07B51D9EAD7200AF2569 /* VolumeView.m */; };
		EBFB07B81D9EAD8500AF2569 /* VolumeView.xib in Resources */ = {isa = PBXBuildFile; fileRef = EBFB07B71D9EAD8500AF2569 /* VolumeView.xib */; };
		EBFF13B71DA00E1700CA98F1 /* AFHTTPSessionManager.m in Sources */ = {isa = PBXBuildFile; fileRef = EBFF13AB1DA00E1700CA98F1 /* AFHTTPSessionManager.m */; };
		EBFF13B81DA00E1700CA98F1 /* AFNetworkReachabilityManager.m in Sources */ = {isa = PBXBuildFile; fileRef = EBFF13AE1DA00E1700CA98F1 /* AFNetworkReachabilityManager.m */; };
		EBFF13B91DA00E1700CA98F1 /* AFSecurityPolicy.m in Sources */ = {isa = PBXBuildFile; fileRef = EBFF13B01DA00E1700CA98F1 /* AFSecurityPolicy.m */; };
		EBFF13BA1DA00E1700CA98F1 /* AFURLRequestSerialization.m in Sources */ = {isa = PBXBuildFile; fileRef = EBFF13B21DA00E1700CA98F1 /* AFURLRequestSerialization.m */; };
		EBFF13BB1DA00E1700CA98F1 /* AFURLResponseSerialization.m in Sources */ = {isa = PBXBuildFile; fileRef = EBFF13B41DA00E1700CA98F1 /* AFURLResponseSerialization.m */; };
		EBFF13BC1DA00E1700CA98F1 /* AFURLSessionManager.m in Sources */ = {isa = PBXBuildFile; fileRef = EBFF13B61DA00E1700CA98F1 /* AFURLSessionManager.m */; };
		EBFF13F81DA01D7500CA98F1 /* libz.tbd in Frameworks */ = {isa = PBXBuildFile; fileRef = EBFF13F41DA01CFA00CA98F1 /* libz.tbd */; };
		EBFF14231DA01E4700CA98F1 /* aescrypt.c in Sources */ = {isa = PBXBuildFile; fileRef = EBFF14001DA01E4600CA98F1 /* aescrypt.c */; };
		EBFF14241DA01E4700CA98F1 /* aeskey.c in Sources */ = {isa = PBXBuildFile; fileRef = EBFF14011DA01E4600CA98F1 /* aeskey.c */; };
		EBFF14251DA01E4700CA98F1 /* aestab.c in Sources */ = {isa = PBXBuildFile; fileRef = EBFF14031DA01E4600CA98F1 /* aestab.c */; };
		EBFF14261DA01E4700CA98F1 /* entropy.c in Sources */ = {isa = PBXBuildFile; fileRef = EBFF14071DA01E4600CA98F1 /* entropy.c */; };
		EBFF14271DA01E4700CA98F1 /* fileenc.c in Sources */ = {isa = PBXBuildFile; fileRef = EBFF14091DA01E4600CA98F1 /* fileenc.c */; };
		EBFF14281DA01E4700CA98F1 /* hmac.c in Sources */ = {isa = PBXBuildFile; fileRef = EBFF140B1DA01E4600CA98F1 /* hmac.c */; };
		EBFF14291DA01E4700CA98F1 /* prng.c in Sources */ = {isa = PBXBuildFile; fileRef = EBFF140D1DA01E4600CA98F1 /* prng.c */; };
		EBFF142A1DA01E4700CA98F1 /* pwd2key.c in Sources */ = {isa = PBXBuildFile; fileRef = EBFF140F1DA01E4600CA98F1 /* pwd2key.c */; };
		EBFF142B1DA01E4700CA98F1 /* sha1.c in Sources */ = {isa = PBXBuildFile; fileRef = EBFF14111DA01E4600CA98F1 /* sha1.c */; };
		EBFF142C1DA01E4700CA98F1 /* Info.plist in Resources */ = {isa = PBXBuildFile; fileRef = EBFF14131DA01E4600CA98F1 /* Info.plist */; };
		EBFF142D1DA01E4700CA98F1 /* ioapi.c in Sources */ = {isa = PBXBuildFile; fileRef = EBFF14161DA01E4600CA98F1 /* ioapi.c */; };
		EBFF142E1DA01E4700CA98F1 /* mztools.c in Sources */ = {isa = PBXBuildFile; fileRef = EBFF14181DA01E4600CA98F1 /* mztools.c */; };
		EBFF142F1DA01E4700CA98F1 /* unzip.c in Sources */ = {isa = PBXBuildFile; fileRef = EBFF141A1DA01E4600CA98F1 /* unzip.c */; };
		EBFF14301DA01E4700CA98F1 /* zip.c in Sources */ = {isa = PBXBuildFile; fileRef = EBFF141C1DA01E4600CA98F1 /* zip.c */; };
		EBFF14321DA01E4700CA98F1 /* SSZipArchive.m in Sources */ = {isa = PBXBuildFile; fileRef = EBFF14201DA01E4600CA98F1 /* SSZipArchive.m */; };
		EBFF14621DA04B7E00CA98F1 /* Ogg.framework in Frameworks */ = {isa = PBXBuildFile; fileRef = EBFF14601DA04B7E00CA98F1 /* Ogg.framework */; };
		EBFF14631DA04B7E00CA98F1 /* Vorbis.framework in Frameworks */ = {isa = PBXBuildFile; fileRef = EBFF14611DA04B7E00CA98F1 /* Vorbis.framework */; };
		EBFF14741DA04C2800CA98F1 /* IDZAQAudioPlayerViewController.xib in Resources */ = {isa = PBXBuildFile; fileRef = EBFF14651DA04C2800CA98F1 /* IDZAQAudioPlayerViewController.xib */; };
		EBFF14751DA04C2800CA98F1 /* IDZAudioPlayerViewController.xib in Resources */ = {isa = PBXBuildFile; fileRef = EBFF14671DA04C2800CA98F1 /* IDZAudioPlayerViewController.xib */; };
		EBFF14761DA04C2800CA98F1 /* IDZAQAudioPlayer.m in Sources */ = {isa = PBXBuildFile; fileRef = EBFF146A1DA04C2800CA98F1 /* IDZAQAudioPlayer.m */; };
		EBFF14771DA04C2800CA98F1 /* IDZAQAudioPlayerAppDelegate.m in Sources */ = {isa = PBXBuildFile; fileRef = EBFF146C1DA04C2800CA98F1 /* IDZAQAudioPlayerAppDelegate.m */; };
		EBFF14781DA04C2800CA98F1 /* IDZAudioPlayerViewController.m in Sources */ = {isa = PBXBuildFile; fileRef = EBFF14701DA04C2800CA98F1 /* IDZAudioPlayerViewController.m */; };
		EBFF14791DA04C2800CA98F1 /* IDZOggVorbisFileDecoder.mm in Sources */ = {isa = PBXBuildFile; fileRef = EBFF14721DA04C2800CA98F1 /* IDZOggVorbisFileDecoder.mm */; };
/* End PBXBuildFile section */

/* Begin PBXContainerItemProxy section */
		EB11EDDB1D9AB24900804D34 /* PBXContainerItemProxy */ = {
			isa = PBXContainerItemProxy;
			containerPortal = EB11EDB91D9AB24800804D34 /* Project object */;
			proxyType = 1;
			remoteGlobalIDString = EB11EDC01D9AB24800804D34;
			remoteInfo = RelaxApp;
		};
		EB11EDE61D9AB24900804D34 /* PBXContainerItemProxy */ = {
			isa = PBXContainerItemProxy;
			containerPortal = EB11EDB91D9AB24800804D34 /* Project object */;
			proxyType = 1;
			remoteGlobalIDString = EB11EDC01D9AB24800804D34;
			remoteInfo = RelaxApp;
		};
/* End PBXContainerItemProxy section */

/* Begin PBXFileReference section */
		EB0582571D9C0D2200E29C9B /* SpringboardLayout.h */ = {isa = PBXFileReference; fileEncoding = 4; lastKnownFileType = sourcecode.c.h; path = SpringboardLayout.h; sourceTree = "<group>"; };
		EB0582581D9C0D2200E29C9B /* SpringboardLayout.m */ = {isa = PBXFileReference; fileEncoding = 4; lastKnownFileType = sourcecode.c.objc; path = SpringboardLayout.m; sourceTree = "<group>"; };
		EB11EDC11D9AB24900804D34 /* RelaxApp.app */ = {isa = PBXFileReference; explicitFileType = wrapper.application; includeInIndex = 0; path = RelaxApp.app; sourceTree = BUILT_PRODUCTS_DIR; };
		EB11EDC51D9AB24900804D34 /* main.m */ = {isa = PBXFileReference; lastKnownFileType = sourcecode.c.objc; path = main.m; sourceTree = "<group>"; };
		EB11EDC71D9AB24900804D34 /* AppDelegate.h */ = {isa = PBXFileReference; lastKnownFileType = sourcecode.c.h; path = AppDelegate.h; sourceTree = "<group>"; };
		EB11EDC81D9AB24900804D34 /* AppDelegate.m */ = {isa = PBXFileReference; lastKnownFileType = sourcecode.c.objc; path = AppDelegate.m; sourceTree = "<group>"; };
		EB11EDD01D9AB24900804D34 /* Assets.xcassets */ = {isa = PBXFileReference; lastKnownFileType = folder.assetcatalog; path = Assets.xcassets; sourceTree = "<group>"; };
		EB11EDD51D9AB24900804D34 /* Info.plist */ = {isa = PBXFileReference; lastKnownFileType = text.plist.xml; path = Info.plist; sourceTree = "<group>"; };
		EB11EDDA1D9AB24900804D34 /* RelaxAppTests.xctest */ = {isa = PBXFileReference; explicitFileType = wrapper.cfbundle; includeInIndex = 0; path = RelaxAppTests.xctest; sourceTree = BUILT_PRODUCTS_DIR; };
		EB11EDDE1D9AB24900804D34 /* RelaxAppTests.m */ = {isa = PBXFileReference; lastKnownFileType = sourcecode.c.objc; path = RelaxAppTests.m; sourceTree = "<group>"; };
		EB11EDE01D9AB24900804D34 /* Info.plist */ = {isa = PBXFileReference; lastKnownFileType = text.plist.xml; path = Info.plist; sourceTree = "<group>"; };
		EB11EDE51D9AB24900804D34 /* RelaxAppUITests.xctest */ = {isa = PBXFileReference; explicitFileType = wrapper.cfbundle; includeInIndex = 0; path = RelaxAppUITests.xctest; sourceTree = BUILT_PRODUCTS_DIR; };
		EB11EDE91D9AB24900804D34 /* RelaxAppUITests.m */ = {isa = PBXFileReference; lastKnownFileType = sourcecode.c.objc; path = RelaxAppUITests.m; sourceTree = "<group>"; };
		EB11EDEB1D9AB24900804D34 /* Info.plist */ = {isa = PBXFileReference; lastKnownFileType = text.plist.xml; path = Info.plist; sourceTree = "<group>"; };
		EB11EDFC1D9AB30B00804D34 /* HomeVC.h */ = {isa = PBXFileReference; fileEncoding = 4; lastKnownFileType = sourcecode.c.h; path = HomeVC.h; sourceTree = "<group>"; };
		EB11EDFD1D9AB30B00804D34 /* HomeVC.m */ = {isa = PBXFileReference; fileEncoding = 4; lastKnownFileType = sourcecode.c.objc; path = HomeVC.m; sourceTree = "<group>"; };
		EB11EDFE1D9AB30B00804D34 /* HomeVC.xib */ = {isa = PBXFileReference; fileEncoding = 4; lastKnownFileType = file.xib; path = HomeVC.xib; sourceTree = "<group>"; };
		EB11EE011D9AB4BA00804D34 /* MainNavigationController.h */ = {isa = PBXFileReference; fileEncoding = 4; lastKnownFileType = sourcecode.c.h; path = MainNavigationController.h; sourceTree = "<group>"; };
		EB11EE021D9AB4BA00804D34 /* MainNavigationController.m */ = {isa = PBXFileReference; fileEncoding = 4; lastKnownFileType = sourcecode.c.objc; path = MainNavigationController.m; sourceTree = "<group>"; };
		EB11EE091D9AB7AF00804D34 /* TabVC.h */ = {isa = PBXFileReference; fileEncoding = 4; lastKnownFileType = sourcecode.c.h; path = TabVC.h; sourceTree = "<group>"; };
		EB11EE0A1D9AB7AF00804D34 /* TabVC.m */ = {isa = PBXFileReference; fileEncoding = 4; lastKnownFileType = sourcecode.c.objc; path = TabVC.m; sourceTree = "<group>"; };
		EB11EE0B1D9AB7AF00804D34 /* TabVC.xib */ = {isa = PBXFileReference; fileEncoding = 4; lastKnownFileType = file.xib; path = TabVC.xib; sourceTree = "<group>"; };
		EB11EE0E1D9AC16100804D34 /* MainNavHome.h */ = {isa = PBXFileReference; fileEncoding = 4; lastKnownFileType = sourcecode.c.h; path = MainNavHome.h; sourceTree = "<group>"; };
		EB11EE0F1D9AC16100804D34 /* MainNavHome.m */ = {isa = PBXFileReference; fileEncoding = 4; lastKnownFileType = sourcecode.c.objc; path = MainNavHome.m; sourceTree = "<group>"; };
		EB11EE101D9AC16100804D34 /* MainNavHome.xib */ = {isa = PBXFileReference; fileEncoding = 4; lastKnownFileType = file.xib; path = MainNavHome.xib; sourceTree = "<group>"; };
		EB11EE131D9AC41600804D34 /* MainNavigationBaseView.h */ = {isa = PBXFileReference; fileEncoding = 4; lastKnownFileType = sourcecode.c.h; path = MainNavigationBaseView.h; sourceTree = "<group>"; };
		EB11EE141D9AC41600804D34 /* MainNavigationBaseView.m */ = {isa = PBXFileReference; fileEncoding = 4; lastKnownFileType = sourcecode.c.objc; path = MainNavigationBaseView.m; sourceTree = "<group>"; };
		EB11EE161D9AC55300804D34 /* BaseNavigation.h */ = {isa = PBXFileReference; fileEncoding = 4; lastKnownFileType = sourcecode.c.h; path = BaseNavigation.h; sourceTree = "<group>"; };
		EB11EE171D9AC55300804D34 /* BaseNavigation.m */ = {isa = PBXFileReference; fileEncoding = 4; lastKnownFileType = sourcecode.c.objc; path = BaseNavigation.m; sourceTree = "<group>"; };
		EB11EE181D9AC55300804D34 /* BaseNavigation.xib */ = {isa = PBXFileReference; fileEncoding = 4; lastKnownFileType = file.xib; path = BaseNavigation.xib; sourceTree = "<group>"; };
		EB11EE581D9ADAFF00804D34 /* AVFoundation.framework */ = {isa = PBXFileReference; lastKnownFileType = wrapper.framework; name = AVFoundation.framework; path = System/Library/Frameworks/AVFoundation.framework; sourceTree = SDKROOT; };
		EB11EE641D9AEC5200804D34 /* CollectionVC.h */ = {isa = PBXFileReference; fileEncoding = 4; lastKnownFileType = sourcecode.c.h; path = CollectionVC.h; sourceTree = "<group>"; };
		EB11EE651D9AEC5200804D34 /* CollectionVC.m */ = {isa = PBXFileReference; fileEncoding = 4; lastKnownFileType = sourcecode.c.objc; path = CollectionVC.m; sourceTree = "<group>"; };
		EB11EE671D9AEC7000804D34 /* CollectionVC.xib */ = {isa = PBXFileReference; fileEncoding = 4; lastKnownFileType = file.xib; path = CollectionVC.xib; sourceTree = "<group>"; };
		EB11EE691D9AF45000804D34 /* QuartzCore.framework */ = {isa = PBXFileReference; lastKnownFileType = wrapper.framework; name = QuartzCore.framework; path = System/Library/Frameworks/QuartzCore.framework; sourceTree = SDKROOT; };
		EB11EE6B1D9AF4A300804D34 /* CollectionCell.h */ = {isa = PBXFileReference; fileEncoding = 4; lastKnownFileType = sourcecode.c.h; path = CollectionCell.h; sourceTree = "<group>"; };
		EB11EE6C1D9AF4A300804D34 /* CollectionCell.m */ = {isa = PBXFileReference; fileEncoding = 4; lastKnownFileType = sourcecode.c.objc; path = CollectionCell.m; sourceTree = "<group>"; };
		EB11EE6D1D9AF4A300804D34 /* CollectionCell.xib */ = {isa = PBXFileReference; fileEncoding = 4; lastKnownFileType = file.xib; path = CollectionCell.xib; sourceTree = "<group>"; };
		EB14BA6A1DA16FCA00385759 /* VolumeItem.h */ = {isa = PBXFileReference; fileEncoding = 4; lastKnownFileType = sourcecode.c.h; path = VolumeItem.h; sourceTree = "<group>"; };
		EB14BA6B1DA16FCA00385759 /* VolumeItem.m */ = {isa = PBXFileReference; fileEncoding = 4; lastKnownFileType = sourcecode.c.objc; path = VolumeItem.m; sourceTree = "<group>"; };
		EB14BA6C1DA16FCA00385759 /* VolumeItem.xib */ = {isa = PBXFileReference; fileEncoding = 4; lastKnownFileType = file.xib; path = VolumeItem.xib; sourceTree = "<group>"; };
		EB2552DE1DA6ABD900FD4BC4 /* MDTimerBackGround.h */ = {isa = PBXFileReference; fileEncoding = 4; lastKnownFileType = sourcecode.c.h; path = MDTimerBackGround.h; sourceTree = "<group>"; };
		EB2552DF1DA6ABD900FD4BC4 /* MDTimerBackGround.m */ = {isa = PBXFileReference; fileEncoding = 4; lastKnownFileType = sourcecode.c.objc; path = MDTimerBackGround.m; sourceTree = "<group>"; };
		EB4C7FD51DA3F3BF003CD3D6 /* TimerCell.h */ = {isa = PBXFileReference; fileEncoding = 4; lastKnownFileType = sourcecode.c.h; path = TimerCell.h; sourceTree = "<group>"; };
		EB4C7FD61DA3F3BF003CD3D6 /* TimerCell.m */ = {isa = PBXFileReference; fileEncoding = 4; lastKnownFileType = sourcecode.c.objc; path = TimerCell.m; sourceTree = "<group>"; };
		EB4C7FD71DA3F3BF003CD3D6 /* TimerCell.xib */ = {isa = PBXFileReference; fileEncoding = 4; lastKnownFileType = file.xib; path = TimerCell.xib; sourceTree = "<group>"; };
		EB4C7FD81DA3F3BF003CD3D6 /* CreaterTimer.h */ = {isa = PBXFileReference; fileEncoding = 4; lastKnownFileType = sourcecode.c.h; path = CreaterTimer.h; sourceTree = "<group>"; };
		EB4C7FD91DA3F3BF003CD3D6 /* CreaterTimer.m */ = {isa = PBXFileReference; fileEncoding = 4; lastKnownFileType = sourcecode.c.objc; path = CreaterTimer.m; sourceTree = "<group>"; };
		EB4C7FDA1DA3F3BF003CD3D6 /* CreaterTimer.xib */ = {isa = PBXFileReference; fileEncoding = 4; lastKnownFileType = file.xib; path = CreaterTimer.xib; sourceTree = "<group>"; };
		EB4C7FE01DA3FE69003CD3D6 /* LICENSE */ = {isa = PBXFileReference; fileEncoding = 4; lastKnownFileType = text; path = LICENSE; sourceTree = "<group>"; };
		EB4C7FE11DA3FE69003CD3D6 /* README.md */ = {isa = PBXFileReference; fileEncoding = 4; lastKnownFileType = net.daringfireball.markdown; path = README.md; sourceTree = "<group>"; };
		EB4C7FE31DA3FE69003CD3D6 /* NSData+ImageContentType.h */ = {isa = PBXFileReference; fileEncoding = 4; lastKnownFileType = sourcecode.c.h; path = "NSData+ImageContentType.h"; sourceTree = "<group>"; };
		EB4C7FE41DA3FE69003CD3D6 /* NSData+ImageContentType.m */ = {isa = PBXFileReference; fileEncoding = 4; lastKnownFileType = sourcecode.c.objc; path = "NSData+ImageContentType.m"; sourceTree = "<group>"; };
		EB4C7FE51DA3FE69003CD3D6 /* SDImageCache.h */ = {isa = PBXFileReference; fileEncoding = 4; lastKnownFileType = sourcecode.c.h; path = SDImageCache.h; sourceTree = "<group>"; };
		EB4C7FE61DA3FE69003CD3D6 /* SDImageCache.m */ = {isa = PBXFileReference; fileEncoding = 4; lastKnownFileType = sourcecode.c.objc; path = SDImageCache.m; sourceTree = "<group>"; };
		EB4C7FE71DA3FE69003CD3D6 /* SDWebImageCompat.h */ = {isa = PBXFileReference; fileEncoding = 4; lastKnownFileType = sourcecode.c.h; path = SDWebImageCompat.h; sourceTree = "<group>"; };
		EB4C7FE81DA3FE69003CD3D6 /* SDWebImageCompat.m */ = {isa = PBXFileReference; fileEncoding = 4; lastKnownFileType = sourcecode.c.objc; path = SDWebImageCompat.m; sourceTree = "<group>"; };
		EB4C7FE91DA3FE69003CD3D6 /* SDWebImageDecoder.h */ = {isa = PBXFileReference; fileEncoding = 4; lastKnownFileType = sourcecode.c.h; path = SDWebImageDecoder.h; sourceTree = "<group>"; };
		EB4C7FEA1DA3FE69003CD3D6 /* SDWebImageDecoder.m */ = {isa = PBXFileReference; fileEncoding = 4; lastKnownFileType = sourcecode.c.objc; path = SDWebImageDecoder.m; sourceTree = "<group>"; };
		EB4C7FEB1DA3FE69003CD3D6 /* SDWebImageDownloader.h */ = {isa = PBXFileReference; fileEncoding = 4; lastKnownFileType = sourcecode.c.h; path = SDWebImageDownloader.h; sourceTree = "<group>"; };
		EB4C7FEC1DA3FE69003CD3D6 /* SDWebImageDownloader.m */ = {isa = PBXFileReference; fileEncoding = 4; lastKnownFileType = sourcecode.c.objc; path = SDWebImageDownloader.m; sourceTree = "<group>"; };
		EB4C7FED1DA3FE69003CD3D6 /* SDWebImageDownloaderOperation.h */ = {isa = PBXFileReference; fileEncoding = 4; lastKnownFileType = sourcecode.c.h; path = SDWebImageDownloaderOperation.h; sourceTree = "<group>"; };
		EB4C7FEE1DA3FE69003CD3D6 /* SDWebImageDownloaderOperation.m */ = {isa = PBXFileReference; fileEncoding = 4; lastKnownFileType = sourcecode.c.objc; path = SDWebImageDownloaderOperation.m; sourceTree = "<group>"; };
		EB4C7FEF1DA3FE69003CD3D6 /* SDWebImageManager.h */ = {isa = PBXFileReference; fileEncoding = 4; lastKnownFileType = sourcecode.c.h; path = SDWebImageManager.h; sourceTree = "<group>"; };
		EB4C7FF01DA3FE69003CD3D6 /* SDWebImageManager.m */ = {isa = PBXFileReference; fileEncoding = 4; lastKnownFileType = sourcecode.c.objc; path = SDWebImageManager.m; sourceTree = "<group>"; };
		EB4C7FF11DA3FE69003CD3D6 /* SDWebImageOperation.h */ = {isa = PBXFileReference; fileEncoding = 4; lastKnownFileType = sourcecode.c.h; path = SDWebImageOperation.h; sourceTree = "<group>"; };
		EB4C7FF21DA3FE69003CD3D6 /* SDWebImagePrefetcher.h */ = {isa = PBXFileReference; fileEncoding = 4; lastKnownFileType = sourcecode.c.h; path = SDWebImagePrefetcher.h; sourceTree = "<group>"; };
		EB4C7FF31DA3FE69003CD3D6 /* SDWebImagePrefetcher.m */ = {isa = PBXFileReference; fileEncoding = 4; lastKnownFileType = sourcecode.c.objc; path = SDWebImagePrefetcher.m; sourceTree = "<group>"; };
		EB4C7FF41DA3FE69003CD3D6 /* UIButton+WebCache.h */ = {isa = PBXFileReference; fileEncoding = 4; lastKnownFileType = sourcecode.c.h; path = "UIButton+WebCache.h"; sourceTree = "<group>"; };
		EB4C7FF51DA3FE69003CD3D6 /* UIButton+WebCache.m */ = {isa = PBXFileReference; fileEncoding = 4; lastKnownFileType = sourcecode.c.objc; path = "UIButton+WebCache.m"; sourceTree = "<group>"; };
		EB4C7FF61DA3FE69003CD3D6 /* UIImage+GIF.h */ = {isa = PBXFileReference; fileEncoding = 4; lastKnownFileType = sourcecode.c.h; path = "UIImage+GIF.h"; sourceTree = "<group>"; };
		EB4C7FF71DA3FE69003CD3D6 /* UIImage+GIF.m */ = {isa = PBXFileReference; fileEncoding = 4; lastKnownFileType = sourcecode.c.objc; path = "UIImage+GIF.m"; sourceTree = "<group>"; };
		EB4C7FF81DA3FE69003CD3D6 /* UIImage+MultiFormat.h */ = {isa = PBXFileReference; fileEncoding = 4; lastKnownFileType = sourcecode.c.h; path = "UIImage+MultiFormat.h"; sourceTree = "<group>"; };
		EB4C7FF91DA3FE69003CD3D6 /* UIImage+MultiFormat.m */ = {isa = PBXFileReference; fileEncoding = 4; lastKnownFileType = sourcecode.c.objc; path = "UIImage+MultiFormat.m"; sourceTree = "<group>"; };
		EB4C7FFA1DA3FE69003CD3D6 /* UIImageView+HighlightedWebCache.h */ = {isa = PBXFileReference; fileEncoding = 4; lastKnownFileType = sourcecode.c.h; path = "UIImageView+HighlightedWebCache.h"; sourceTree = "<group>"; };
		EB4C7FFB1DA3FE69003CD3D6 /* UIImageView+HighlightedWebCache.m */ = {isa = PBXFileReference; fileEncoding = 4; lastKnownFileType = sourcecode.c.objc; path = "UIImageView+HighlightedWebCache.m"; sourceTree = "<group>"; };
		EB4C7FFC1DA3FE69003CD3D6 /* UIImageView+WebCache.h */ = {isa = PBXFileReference; fileEncoding = 4; lastKnownFileType = sourcecode.c.h; path = "UIImageView+WebCache.h"; sourceTree = "<group>"; };
		EB4C7FFD1DA3FE69003CD3D6 /* UIImageView+WebCache.m */ = {isa = PBXFileReference; fileEncoding = 4; lastKnownFileType = sourcecode.c.objc; path = "UIImageView+WebCache.m"; sourceTree = "<group>"; };
		EB4C7FFE1DA3FE69003CD3D6 /* UIView+WebCacheOperation.h */ = {isa = PBXFileReference; fileEncoding = 4; lastKnownFileType = sourcecode.c.h; path = "UIView+WebCacheOperation.h"; sourceTree = "<group>"; };
		EB4C7FFF1DA3FE69003CD3D6 /* UIView+WebCacheOperation.m */ = {isa = PBXFileReference; fileEncoding = 4; lastKnownFileType = sourcecode.c.objc; path = "UIView+WebCacheOperation.m"; sourceTree = "<group>"; };
		EB4C80111DA4094F003CD3D6 /* MBProgressHUD.h */ = {isa = PBXFileReference; fileEncoding = 4; lastKnownFileType = sourcecode.c.h; path = MBProgressHUD.h; sourceTree = "<group>"; };
		EB4C80121DA4094F003CD3D6 /* MBProgressHUD.m */ = {isa = PBXFileReference; fileEncoding = 4; lastKnownFileType = sourcecode.c.objc; path = MBProgressHUD.m; sourceTree = "<group>"; };
		EB56B5FC1DA2B958001AFC87 /* AHTag.h */ = {isa = PBXFileReference; fileEncoding = 4; lastKnownFileType = sourcecode.c.h; path = AHTag.h; sourceTree = "<group>"; };
		EB56B5FD1DA2B958001AFC87 /* AHTag.m */ = {isa = PBXFileReference; fileEncoding = 4; lastKnownFileType = sourcecode.c.objc; path = AHTag.m; sourceTree = "<group>"; };
		EB56B6021DA2B964001AFC87 /* AHTagsLabel.h */ = {isa = PBXFileReference; fileEncoding = 4; lastKnownFileType = sourcecode.c.h; path = AHTagsLabel.h; sourceTree = "<group>"; };
		EB56B6031DA2B964001AFC87 /* AHTagsLabel.m */ = {isa = PBXFileReference; fileEncoding = 4; lastKnownFileType = sourcecode.c.objc; path = AHTagsLabel.m; sourceTree = "<group>"; };
		EB56B6041DA2B964001AFC87 /* AHTagTableViewCell.h */ = {isa = PBXFileReference; fileEncoding = 4; lastKnownFileType = sourcecode.c.h; path = AHTagTableViewCell.h; sourceTree = "<group>"; };
		EB56B6051DA2B964001AFC87 /* AHTagTableViewCell.m */ = {isa = PBXFileReference; fileEncoding = 4; lastKnownFileType = sourcecode.c.objc; path = AHTagTableViewCell.m; sourceTree = "<group>"; };
		EB56B6061DA2B964001AFC87 /* AHTagTableViewCell.xib */ = {isa = PBXFileReference; fileEncoding = 4; lastKnownFileType = file.xib; path = AHTagTableViewCell.xib; sourceTree = "<group>"; };
		EB56B6071DA2B964001AFC87 /* AHTagView.h */ = {isa = PBXFileReference; fileEncoding = 4; lastKnownFileType = sourcecode.c.h; path = AHTagView.h; sourceTree = "<group>"; };
		EB56B6081DA2B964001AFC87 /* AHTagView.m */ = {isa = PBXFileReference; fileEncoding = 4; lastKnownFileType = sourcecode.c.objc; path = AHTagView.m; sourceTree = "<group>"; };
		EB56B60D1DA2C497001AFC87 /* FileHelper.h */ = {isa = PBXFileReference; fileEncoding = 4; lastKnownFileType = sourcecode.c.h; path = FileHelper.h; sourceTree = "<group>"; };
		EB56B60E1DA2C497001AFC87 /* FileHelper.m */ = {isa = PBXFileReference; fileEncoding = 4; lastKnownFileType = sourcecode.c.objc; path = FileHelper.m; sourceTree = "<group>"; };
		EB56B6111DA2C697001AFC87 /* AddFavoriteView.h */ = {isa = PBXFileReference; fileEncoding = 4; lastKnownFileType = sourcecode.c.h; path = AddFavoriteView.h; sourceTree = "<group>"; };
		EB56B6121DA2C697001AFC87 /* AddFavoriteView.m */ = {isa = PBXFileReference; fileEncoding = 4; lastKnownFileType = sourcecode.c.objc; path = AddFavoriteView.m; sourceTree = "<group>"; };
		EB56B6141DA2C6A9001AFC87 /* AddFavoriteView.xib */ = {isa = PBXFileReference; fileEncoding = 4; lastKnownFileType = file.xib; path = AddFavoriteView.xib; sourceTree = "<group>"; };
		EBC18F571DA0F508000E00FD /* DownLoadCategory.h */ = {isa = PBXFileReference; fileEncoding = 4; lastKnownFileType = sourcecode.c.h; path = DownLoadCategory.h; sourceTree = "<group>"; };
		EBC18F581DA0F508000E00FD /* DownLoadCategory.m */ = {isa = PBXFileReference; fileEncoding = 4; lastKnownFileType = sourcecode.c.objc; path = DownLoadCategory.m; sourceTree = "<group>"; };
		EBFB07A21D9EA06000AF2569 /* FavoriteView.h */ = {isa = PBXFileReference; fileEncoding = 4; lastKnownFileType = sourcecode.c.h; path = FavoriteView.h; sourceTree = "<group>"; };
		EBFB07A31D9EA06000AF2569 /* FavoriteView.m */ = {isa = PBXFileReference; fileEncoding = 4; lastKnownFileType = sourcecode.c.objc; path = FavoriteView.m; sourceTree = "<group>"; };
		EBFB07A51D9EA07300AF2569 /* FavoriteView.xib */ = {isa = PBXFileReference; fileEncoding = 4; lastKnownFileType = file.xib; path = FavoriteView.xib; sourceTree = "<group>"; };
		EBFB07A71D9EA08700AF2569 /* TimerView.h */ = {isa = PBXFileReference; fileEncoding = 4; lastKnownFileType = sourcecode.c.h; path = TimerView.h; sourceTree = "<group>"; };
		EBFB07A81D9EA08700AF2569 /* TimerView.m */ = {isa = PBXFileReference; fileEncoding = 4; lastKnownFileType = sourcecode.c.objc; path = TimerView.m; sourceTree = "<group>"; };
		EBFB07AA1D9EA0A100AF2569 /* TimerView.xib */ = {isa = PBXFileReference; fileEncoding = 4; lastKnownFileType = file.xib; path = TimerView.xib; sourceTree = "<group>"; };
		EBFB07AC1D9EA0C100AF2569 /* SettingView.h */ = {isa = PBXFileReference; fileEncoding = 4; lastKnownFileType = sourcecode.c.h; path = SettingView.h; sourceTree = "<group>"; };
		EBFB07AD1D9EA0C100AF2569 /* SettingView.m */ = {isa = PBXFileReference; fileEncoding = 4; lastKnownFileType = sourcecode.c.objc; path = SettingView.m; sourceTree = "<group>"; };
		EBFB07AF1D9EA0D300AF2569 /* SettingView.xib */ = {isa = PBXFileReference; fileEncoding = 4; lastKnownFileType = file.xib; path = SettingView.xib; sourceTree = "<group>"; };
		EBFB07B11D9EA1F000AF2569 /* BaseView.h */ = {isa = PBXFileReference; fileEncoding = 4; lastKnownFileType = sourcecode.c.h; path = BaseView.h; sourceTree = "<group>"; };
		EBFB07B21D9EA1F000AF2569 /* BaseView.m */ = {isa = PBXFileReference; fileEncoding = 4; lastKnownFileType = sourcecode.c.objc; path = BaseView.m; sourceTree = "<group>"; };
		EBFB07B41D9EAD7200AF2569 /* VolumeView.h */ = {isa = PBXFileReference; fileEncoding = 4; lastKnownFileType = sourcecode.c.h; path = VolumeView.h; sourceTree = "<group>"; };
		EBFB07B51D9EAD7200AF2569 /* VolumeView.m */ = {isa = PBXFileReference; fileEncoding = 4; lastKnownFileType = sourcecode.c.objc; path = VolumeView.m; sourceTree = "<group>"; };
		EBFB07B71D9EAD8500AF2569 /* VolumeView.xib */ = {isa = PBXFileReference; fileEncoding = 4; lastKnownFileType = file.xib; path = VolumeView.xib; sourceTree = "<group>"; };
		EBFB07BF1D9EE03100AF2569 /* Define.h */ = {isa = PBXFileReference; fileEncoding = 4; lastKnownFileType = sourcecode.c.h; path = Define.h; sourceTree = "<group>"; };
		EBFF13AA1DA00E1700CA98F1 /* AFHTTPSessionManager.h */ = {isa = PBXFileReference; fileEncoding = 4; lastKnownFileType = sourcecode.c.h; path = AFHTTPSessionManager.h; sourceTree = "<group>"; };
		EBFF13AB1DA00E1700CA98F1 /* AFHTTPSessionManager.m */ = {isa = PBXFileReference; fileEncoding = 4; lastKnownFileType = sourcecode.c.objc; path = AFHTTPSessionManager.m; sourceTree = "<group>"; };
		EBFF13AC1DA00E1700CA98F1 /* AFNetworking.h */ = {isa = PBXFileReference; fileEncoding = 4; lastKnownFileType = sourcecode.c.h; path = AFNetworking.h; sourceTree = "<group>"; };
		EBFF13AD1DA00E1700CA98F1 /* AFNetworkReachabilityManager.h */ = {isa = PBXFileReference; fileEncoding = 4; lastKnownFileType = sourcecode.c.h; path = AFNetworkReachabilityManager.h; sourceTree = "<group>"; };
		EBFF13AE1DA00E1700CA98F1 /* AFNetworkReachabilityManager.m */ = {isa = PBXFileReference; fileEncoding = 4; lastKnownFileType = sourcecode.c.objc; path = AFNetworkReachabilityManager.m; sourceTree = "<group>"; };
		EBFF13AF1DA00E1700CA98F1 /* AFSecurityPolicy.h */ = {isa = PBXFileReference; fileEncoding = 4; lastKnownFileType = sourcecode.c.h; path = AFSecurityPolicy.h; sourceTree = "<group>"; };
		EBFF13B01DA00E1700CA98F1 /* AFSecurityPolicy.m */ = {isa = PBXFileReference; fileEncoding = 4; lastKnownFileType = sourcecode.c.objc; path = AFSecurityPolicy.m; sourceTree = "<group>"; };
		EBFF13B11DA00E1700CA98F1 /* AFURLRequestSerialization.h */ = {isa = PBXFileReference; fileEncoding = 4; lastKnownFileType = sourcecode.c.h; path = AFURLRequestSerialization.h; sourceTree = "<group>"; };
		EBFF13B21DA00E1700CA98F1 /* AFURLRequestSerialization.m */ = {isa = PBXFileReference; fileEncoding = 4; lastKnownFileType = sourcecode.c.objc; path = AFURLRequestSerialization.m; sourceTree = "<group>"; };
		EBFF13B31DA00E1700CA98F1 /* AFURLResponseSerialization.h */ = {isa = PBXFileReference; fileEncoding = 4; lastKnownFileType = sourcecode.c.h; path = AFURLResponseSerialization.h; sourceTree = "<group>"; };
		EBFF13B41DA00E1700CA98F1 /* AFURLResponseSerialization.m */ = {isa = PBXFileReference; fileEncoding = 4; lastKnownFileType = sourcecode.c.objc; path = AFURLResponseSerialization.m; sourceTree = "<group>"; };
		EBFF13B51DA00E1700CA98F1 /* AFURLSessionManager.h */ = {isa = PBXFileReference; fileEncoding = 4; lastKnownFileType = sourcecode.c.h; path = AFURLSessionManager.h; sourceTree = "<group>"; };
		EBFF13B61DA00E1700CA98F1 /* AFURLSessionManager.m */ = {isa = PBXFileReference; fileEncoding = 4; lastKnownFileType = sourcecode.c.objc; path = AFURLSessionManager.m; sourceTree = "<group>"; };
		EBFF13F41DA01CFA00CA98F1 /* libz.tbd */ = {isa = PBXFileReference; lastKnownFileType = "sourcecode.text-based-dylib-definition"; name = libz.tbd; path = usr/lib/libz.tbd; sourceTree = SDKROOT; };
		EBFF13F61DA01D1100CA98F1 /* libz.1.tbd */ = {isa = PBXFileReference; lastKnownFileType = "sourcecode.text-based-dylib-definition"; name = libz.1.tbd; path = usr/lib/libz.1.tbd; sourceTree = SDKROOT; };
		EBFF13FE1DA01E4600CA98F1 /* aes.h */ = {isa = PBXFileReference; fileEncoding = 4; lastKnownFileType = sourcecode.c.h; path = aes.h; sourceTree = "<group>"; };
		EBFF13FF1DA01E4600CA98F1 /* aes_via_ace.h */ = {isa = PBXFileReference; fileEncoding = 4; lastKnownFileType = sourcecode.c.h; path = aes_via_ace.h; sourceTree = "<group>"; };
		EBFF14001DA01E4600CA98F1 /* aescrypt.c */ = {isa = PBXFileReference; fileEncoding = 4; lastKnownFileType = sourcecode.c.c; path = aescrypt.c; sourceTree = "<group>"; };
		EBFF14011DA01E4600CA98F1 /* aeskey.c */ = {isa = PBXFileReference; fileEncoding = 4; lastKnownFileType = sourcecode.c.c; path = aeskey.c; sourceTree = "<group>"; };
		EBFF14021DA01E4600CA98F1 /* aesopt.h */ = {isa = PBXFileReference; fileEncoding = 4; lastKnownFileType = sourcecode.c.h; path = aesopt.h; sourceTree = "<group>"; };
		EBFF14031DA01E4600CA98F1 /* aestab.c */ = {isa = PBXFileReference; fileEncoding = 4; lastKnownFileType = sourcecode.c.c; path = aestab.c; sourceTree = "<group>"; };
		EBFF14041DA01E4600CA98F1 /* aestab.h */ = {isa = PBXFileReference; fileEncoding = 4; lastKnownFileType = sourcecode.c.h; path = aestab.h; sourceTree = "<group>"; };
		EBFF14051DA01E4600CA98F1 /* brg_endian.h */ = {isa = PBXFileReference; fileEncoding = 4; lastKnownFileType = sourcecode.c.h; path = brg_endian.h; sourceTree = "<group>"; };
		EBFF14061DA01E4600CA98F1 /* brg_types.h */ = {isa = PBXFileReference; fileEncoding = 4; lastKnownFileType = sourcecode.c.h; path = brg_types.h; sourceTree = "<group>"; };
		EBFF14071DA01E4600CA98F1 /* entropy.c */ = {isa = PBXFileReference; fileEncoding = 4; lastKnownFileType = sourcecode.c.c; path = entropy.c; sourceTree = "<group>"; };
		EBFF14081DA01E4600CA98F1 /* entropy.h */ = {isa = PBXFileReference; fileEncoding = 4; lastKnownFileType = sourcecode.c.h; path = entropy.h; sourceTree = "<group>"; };
		EBFF14091DA01E4600CA98F1 /* fileenc.c */ = {isa = PBXFileReference; fileEncoding = 4; lastKnownFileType = sourcecode.c.c; path = fileenc.c; sourceTree = "<group>"; };
		EBFF140A1DA01E4600CA98F1 /* fileenc.h */ = {isa = PBXFileReference; fileEncoding = 4; lastKnownFileType = sourcecode.c.h; path = fileenc.h; sourceTree = "<group>"; };
		EBFF140B1DA01E4600CA98F1 /* hmac.c */ = {isa = PBXFileReference; fileEncoding = 4; lastKnownFileType = sourcecode.c.c; path = hmac.c; sourceTree = "<group>"; };
		EBFF140C1DA01E4600CA98F1 /* hmac.h */ = {isa = PBXFileReference; fileEncoding = 4; lastKnownFileType = sourcecode.c.h; path = hmac.h; sourceTree = "<group>"; };
		EBFF140D1DA01E4600CA98F1 /* prng.c */ = {isa = PBXFileReference; fileEncoding = 4; lastKnownFileType = sourcecode.c.c; path = prng.c; sourceTree = "<group>"; };
		EBFF140E1DA01E4600CA98F1 /* prng.h */ = {isa = PBXFileReference; fileEncoding = 4; lastKnownFileType = sourcecode.c.h; path = prng.h; sourceTree = "<group>"; };
		EBFF140F1DA01E4600CA98F1 /* pwd2key.c */ = {isa = PBXFileReference; fileEncoding = 4; lastKnownFileType = sourcecode.c.c; path = pwd2key.c; sourceTree = "<group>"; };
		EBFF14101DA01E4600CA98F1 /* pwd2key.h */ = {isa = PBXFileReference; fileEncoding = 4; lastKnownFileType = sourcecode.c.h; path = pwd2key.h; sourceTree = "<group>"; };
		EBFF14111DA01E4600CA98F1 /* sha1.c */ = {isa = PBXFileReference; fileEncoding = 4; lastKnownFileType = sourcecode.c.c; path = sha1.c; sourceTree = "<group>"; };
		EBFF14121DA01E4600CA98F1 /* sha1.h */ = {isa = PBXFileReference; fileEncoding = 4; lastKnownFileType = sourcecode.c.h; path = sha1.h; sourceTree = "<group>"; };
		EBFF14131DA01E4600CA98F1 /* Info.plist */ = {isa = PBXFileReference; fileEncoding = 4; lastKnownFileType = text.plist.xml; path = Info.plist; sourceTree = "<group>"; };
		EBFF14151DA01E4600CA98F1 /* crypt.h */ = {isa = PBXFileReference; fileEncoding = 4; lastKnownFileType = sourcecode.c.h; path = crypt.h; sourceTree = "<group>"; };
		EBFF14161DA01E4600CA98F1 /* ioapi.c */ = {isa = PBXFileReference; fileEncoding = 4; lastKnownFileType = sourcecode.c.c; path = ioapi.c; sourceTree = "<group>"; };
		EBFF14171DA01E4600CA98F1 /* ioapi.h */ = {isa = PBXFileReference; fileEncoding = 4; lastKnownFileType = sourcecode.c.h; path = ioapi.h; sourceTree = "<group>"; };
		EBFF14181DA01E4600CA98F1 /* mztools.c */ = {isa = PBXFileReference; fileEncoding = 4; lastKnownFileType = sourcecode.c.c; path = mztools.c; sourceTree = "<group>"; };
		EBFF14191DA01E4600CA98F1 /* mztools.h */ = {isa = PBXFileReference; fileEncoding = 4; lastKnownFileType = sourcecode.c.h; path = mztools.h; sourceTree = "<group>"; };
		EBFF141A1DA01E4600CA98F1 /* unzip.c */ = {isa = PBXFileReference; fileEncoding = 4; lastKnownFileType = sourcecode.c.c; path = unzip.c; sourceTree = "<group>"; };
		EBFF141B1DA01E4600CA98F1 /* unzip.h */ = {isa = PBXFileReference; fileEncoding = 4; lastKnownFileType = sourcecode.c.h; path = unzip.h; sourceTree = "<group>"; };
		EBFF141C1DA01E4600CA98F1 /* zip.c */ = {isa = PBXFileReference; fileEncoding = 4; lastKnownFileType = sourcecode.c.c; path = zip.c; sourceTree = "<group>"; };
		EBFF141D1DA01E4600CA98F1 /* zip.h */ = {isa = PBXFileReference; fileEncoding = 4; lastKnownFileType = sourcecode.c.h; path = zip.h; sourceTree = "<group>"; };
		EBFF141F1DA01E4600CA98F1 /* SSZipArchive.h */ = {isa = PBXFileReference; fileEncoding = 4; lastKnownFileType = sourcecode.c.h; path = SSZipArchive.h; sourceTree = "<group>"; };
		EBFF14201DA01E4600CA98F1 /* SSZipArchive.m */ = {isa = PBXFileReference; fileEncoding = 4; lastKnownFileType = sourcecode.c.objc; path = SSZipArchive.m; sourceTree = "<group>"; };
		EBFF14211DA01E4700CA98F1 /* SSZipCommon.h */ = {isa = PBXFileReference; fileEncoding = 4; lastKnownFileType = sourcecode.c.h; path = SSZipCommon.h; sourceTree = "<group>"; };
		EBFF14221DA01E4700CA98F1 /* ZipArchive.h */ = {isa = PBXFileReference; fileEncoding = 4; lastKnownFileType = sourcecode.c.h; path = ZipArchive.h; sourceTree = "<group>"; };
		EBFF14601DA04B7E00CA98F1 /* Ogg.framework */ = {isa = PBXFileReference; lastKnownFileType = wrapper.framework; name = Ogg.framework; path = Frameworks/Ogg.framework; sourceTree = "<group>"; };
		EBFF14611DA04B7E00CA98F1 /* Vorbis.framework */ = {isa = PBXFileReference; lastKnownFileType = wrapper.framework; name = Vorbis.framework; path = Frameworks/Vorbis.framework; sourceTree = "<group>"; };
		EBFF14661DA04C2800CA98F1 /* en */ = {isa = PBXFileReference; lastKnownFileType = file.xib; name = en; path = en.lproj/IDZAQAudioPlayerViewController.xib; sourceTree = "<group>"; };
		EBFF14681DA04C2800CA98F1 /* en */ = {isa = PBXFileReference; lastKnownFileType = file.xib; name = en; path = en.lproj/IDZAudioPlayerViewController.xib; sourceTree = "<group>"; };
		EBFF14691DA04C2800CA98F1 /* IDZAQAudioPlayer.h */ = {isa = PBXFileReference; fileEncoding = 4; lastKnownFileType = sourcecode.c.h; path = IDZAQAudioPlayer.h; sourceTree = "<group>"; };
		EBFF146A1DA04C2800CA98F1 /* IDZAQAudioPlayer.m */ = {isa = PBXFileReference; fileEncoding = 4; lastKnownFileType = sourcecode.c.objc; path = IDZAQAudioPlayer.m; sourceTree = "<group>"; };
		EBFF146B1DA04C2800CA98F1 /* IDZAQAudioPlayerAppDelegate.h */ = {isa = PBXFileReference; fileEncoding = 4; lastKnownFileType = sourcecode.c.h; path = IDZAQAudioPlayerAppDelegate.h; sourceTree = "<group>"; };
		EBFF146C1DA04C2800CA98F1 /* IDZAQAudioPlayerAppDelegate.m */ = {isa = PBXFileReference; fileEncoding = 4; lastKnownFileType = sourcecode.c.objc; path = IDZAQAudioPlayerAppDelegate.m; sourceTree = "<group>"; };
		EBFF146D1DA04C2800CA98F1 /* IDZAudioDecoder.h */ = {isa = PBXFileReference; fileEncoding = 4; lastKnownFileType = sourcecode.c.h; path = IDZAudioDecoder.h; sourceTree = "<group>"; };
		EBFF146E1DA04C2800CA98F1 /* IDZAudioPlayer.h */ = {isa = PBXFileReference; fileEncoding = 4; lastKnownFileType = sourcecode.c.h; path = IDZAudioPlayer.h; sourceTree = "<group>"; };
		EBFF146F1DA04C2800CA98F1 /* IDZAudioPlayerViewController.h */ = {isa = PBXFileReference; fileEncoding = 4; lastKnownFileType = sourcecode.c.h; path = IDZAudioPlayerViewController.h; sourceTree = "<group>"; };
		EBFF14701DA04C2800CA98F1 /* IDZAudioPlayerViewController.m */ = {isa = PBXFileReference; fileEncoding = 4; lastKnownFileType = sourcecode.c.objc; path = IDZAudioPlayerViewController.m; sourceTree = "<group>"; };
		EBFF14711DA04C2800CA98F1 /* IDZOggVorbisFileDecoder.h */ = {isa = PBXFileReference; fileEncoding = 4; lastKnownFileType = sourcecode.c.h; path = IDZOggVorbisFileDecoder.h; sourceTree = "<group>"; };
		EBFF14721DA04C2800CA98F1 /* IDZOggVorbisFileDecoder.mm */ = {isa = PBXFileReference; fileEncoding = 4; lastKnownFileType = sourcecode.cpp.objcpp; path = IDZOggVorbisFileDecoder.mm; sourceTree = "<group>"; };
		EBFF14731DA04C2800CA98F1 /* IDZTrace.h */ = {isa = PBXFileReference; fileEncoding = 4; lastKnownFileType = sourcecode.c.h; path = IDZTrace.h; sourceTree = "<group>"; };
/* End PBXFileReference section */

/* Begin PBXFrameworksBuildPhase section */
		EB11EDBE1D9AB24800804D34 /* Frameworks */ = {
			isa = PBXFrameworksBuildPhase;
			buildActionMask = 2147483647;
			files = (
				EBFF14621DA04B7E00CA98F1 /* Ogg.framework in Frameworks */,
				EBFF14631DA04B7E00CA98F1 /* Vorbis.framework in Frameworks */,
				EBFF13F81DA01D7500CA98F1 /* libz.tbd in Frameworks */,
				EB11EE6A1D9AF45000804D34 /* QuartzCore.framework in Frameworks */,
				EB11EE591D9ADAFF00804D34 /* AVFoundation.framework in Frameworks */,
			);
			runOnlyForDeploymentPostprocessing = 0;
		};
		EB11EDD71D9AB24900804D34 /* Frameworks */ = {
			isa = PBXFrameworksBuildPhase;
			buildActionMask = 2147483647;
			files = (
			);
			runOnlyForDeploymentPostprocessing = 0;
		};
		EB11EDE21D9AB24900804D34 /* Frameworks */ = {
			isa = PBXFrameworksBuildPhase;
			buildActionMask = 2147483647;
			files = (
			);
			runOnlyForDeploymentPostprocessing = 0;
		};
/* End PBXFrameworksBuildPhase section */

/* Begin PBXGroup section */
		EB11EDB81D9AB24800804D34 = {
			isa = PBXGroup;
			children = (
				EB11EDC31D9AB24900804D34 /* RelaxApp */,
				EB11EDDD1D9AB24900804D34 /* RelaxAppTests */,
				EB11EDE81D9AB24900804D34 /* RelaxAppUITests */,
				EB11EDC21D9AB24900804D34 /* Products */,
				EB11EE571D9ADAFF00804D34 /* Frameworks */,
			);
			sourceTree = "<group>";
		};
		EB11EDC21D9AB24900804D34 /* Products */ = {
			isa = PBXGroup;
			children = (
				EB11EDC11D9AB24900804D34 /* RelaxApp.app */,
				EB11EDDA1D9AB24900804D34 /* RelaxAppTests.xctest */,
				EB11EDE51D9AB24900804D34 /* RelaxAppUITests.xctest */,
			);
			name = Products;
			sourceTree = "<group>";
		};
		EB11EDC31D9AB24900804D34 /* RelaxApp */ = {
			isa = PBXGroup;
			children = (
				EB56B6101DA2C4A3001AFC87 /* Common */,
				EB11EDC71D9AB24900804D34 /* AppDelegate.h */,
				EB11EDC81D9AB24900804D34 /* AppDelegate.m */,
				EBFB07B11D9EA1F000AF2569 /* BaseView.h */,
				EBFB07B21D9EA1F000AF2569 /* BaseView.m */,
				EBF9B5541DA54CF700F07655 /* VOLUME */,
				EBF9B5511DA54CC200F07655 /* FAVORITE */,
				EBF9B5521DA54CD200F07655 /* HOME */,
				EBF9B5531DA54CE800F07655 /* TIMER */,
				EBF9B5551DA54D0500F07655 /* SETTING */,
				EB11EDD01D9AB24900804D34 /* Assets.xcassets */,
				EB11EDD51D9AB24900804D34 /* Info.plist */,
				EB11EDC41D9AB24900804D34 /* Supporting Files */,
				EBFB07BF1D9EE03100AF2569 /* Define.h */,
			);
			path = RelaxApp;
			sourceTree = "<group>";
		};
		EB11EDC41D9AB24900804D34 /* Supporting Files */ = {
			isa = PBXGroup;
			children = (
				EB11EDC51D9AB24900804D34 /* main.m */,
			);
			name = "Supporting Files";
			sourceTree = "<group>";
		};
		EB11EDDD1D9AB24900804D34 /* RelaxAppTests */ = {
			isa = PBXGroup;
			children = (
				EB11EDDE1D9AB24900804D34 /* RelaxAppTests.m */,
				EB11EDE01D9AB24900804D34 /* Info.plist */,
			);
			path = RelaxAppTests;
			sourceTree = "<group>";
		};
		EB11EDE81D9AB24900804D34 /* RelaxAppUITests */ = {
			isa = PBXGroup;
			children = (
				EB11EDE91D9AB24900804D34 /* RelaxAppUITests.m */,
				EB11EDEB1D9AB24900804D34 /* Info.plist */,
			);
			path = RelaxAppUITests;
			sourceTree = "<group>";
		};
		EB11EE571D9ADAFF00804D34 /* Frameworks */ = {
			isa = PBXGroup;
			children = (
				EBFF14601DA04B7E00CA98F1 /* Ogg.framework */,
				EBFF14611DA04B7E00CA98F1 /* Vorbis.framework */,
				EBFF13F61DA01D1100CA98F1 /* libz.1.tbd */,
				EBFF13F41DA01CFA00CA98F1 /* libz.tbd */,
				EB11EE691D9AF45000804D34 /* QuartzCore.framework */,
				EB11EE581D9ADAFF00804D34 /* AVFoundation.framework */,
			);
			name = Frameworks;
			sourceTree = "<group>";
		};
		EB11EE631D9AEBCF00804D34 /* Nav */ = {
			isa = PBXGroup;
			children = (
				EB11EE011D9AB4BA00804D34 /* MainNavigationController.h */,
				EB11EE021D9AB4BA00804D34 /* MainNavigationController.m */,
				EB11EE161D9AC55300804D34 /* BaseNavigation.h */,
				EB11EE171D9AC55300804D34 /* BaseNavigation.m */,
				EB11EE181D9AC55300804D34 /* BaseNavigation.xib */,
				EB11EE131D9AC41600804D34 /* MainNavigationBaseView.h */,
				EB11EE141D9AC41600804D34 /* MainNavigationBaseView.m */,
				EB11EE0E1D9AC16100804D34 /* MainNavHome.h */,
				EB11EE0F1D9AC16100804D34 /* MainNavHome.m */,
				EB11EE101D9AC16100804D34 /* MainNavHome.xib */,
				EB11EE091D9AB7AF00804D34 /* TabVC.h */,
				EB11EE0A1D9AB7AF00804D34 /* TabVC.m */,
				EB11EE0B1D9AB7AF00804D34 /* TabVC.xib */,
			);
			name = Nav;
			sourceTree = "<group>";
		};
		EB4C7FDF1DA3FE69003CD3D6 /* SDWebImage */ = {
			isa = PBXGroup;
			children = (
				EB4C7FE01DA3FE69003CD3D6 /* LICENSE */,
				EB4C7FE11DA3FE69003CD3D6 /* README.md */,
				EB4C7FE21DA3FE69003CD3D6 /* SDWebImage */,
			);
			path = SDWebImage;
			sourceTree = "<group>";
		};
		EB4C7FE21DA3FE69003CD3D6 /* SDWebImage */ = {
			isa = PBXGroup;
			children = (
				EB4C7FE31DA3FE69003CD3D6 /* NSData+ImageContentType.h */,
				EB4C7FE41DA3FE69003CD3D6 /* NSData+ImageContentType.m */,
				EB4C7FE51DA3FE69003CD3D6 /* SDImageCache.h */,
				EB4C7FE61DA3FE69003CD3D6 /* SDImageCache.m */,
				EB4C7FE71DA3FE69003CD3D6 /* SDWebImageCompat.h */,
				EB4C7FE81DA3FE69003CD3D6 /* SDWebImageCompat.m */,
				EB4C7FE91DA3FE69003CD3D6 /* SDWebImageDecoder.h */,
				EB4C7FEA1DA3FE69003CD3D6 /* SDWebImageDecoder.m */,
				EB4C7FEB1DA3FE69003CD3D6 /* SDWebImageDownloader.h */,
				EB4C7FEC1DA3FE69003CD3D6 /* SDWebImageDownloader.m */,
				EB4C7FED1DA3FE69003CD3D6 /* SDWebImageDownloaderOperation.h */,
				EB4C7FEE1DA3FE69003CD3D6 /* SDWebImageDownloaderOperation.m */,
				EB4C7FEF1DA3FE69003CD3D6 /* SDWebImageManager.h */,
				EB4C7FF01DA3FE69003CD3D6 /* SDWebImageManager.m */,
				EB4C7FF11DA3FE69003CD3D6 /* SDWebImageOperation.h */,
				EB4C7FF21DA3FE69003CD3D6 /* SDWebImagePrefetcher.h */,
				EB4C7FF31DA3FE69003CD3D6 /* SDWebImagePrefetcher.m */,
				EB4C7FF41DA3FE69003CD3D6 /* UIButton+WebCache.h */,
				EB4C7FF51DA3FE69003CD3D6 /* UIButton+WebCache.m */,
				EB4C7FF61DA3FE69003CD3D6 /* UIImage+GIF.h */,
				EB4C7FF71DA3FE69003CD3D6 /* UIImage+GIF.m */,
				EB4C7FF81DA3FE69003CD3D6 /* UIImage+MultiFormat.h */,
				EB4C7FF91DA3FE69003CD3D6 /* UIImage+MultiFormat.m */,
				EB4C7FFA1DA3FE69003CD3D6 /* UIImageView+HighlightedWebCache.h */,
				EB4C7FFB1DA3FE69003CD3D6 /* UIImageView+HighlightedWebCache.m */,
				EB4C7FFC1DA3FE69003CD3D6 /* UIImageView+WebCache.h */,
				EB4C7FFD1DA3FE69003CD3D6 /* UIImageView+WebCache.m */,
				EB4C7FFE1DA3FE69003CD3D6 /* UIView+WebCacheOperation.h */,
				EB4C7FFF1DA3FE69003CD3D6 /* UIView+WebCacheOperation.m */,
			);
			path = SDWebImage;
			sourceTree = "<group>";
		};
		EB56B5FB1DA2B958001AFC87 /* Tags */ = {
			isa = PBXGroup;
			children = (
				EB56B5FC1DA2B958001AFC87 /* AHTag.h */,
				EB56B5FD1DA2B958001AFC87 /* AHTag.m */,
				EB56B6021DA2B964001AFC87 /* AHTagsLabel.h */,
				EB56B6031DA2B964001AFC87 /* AHTagsLabel.m */,
				EB56B6041DA2B964001AFC87 /* AHTagTableViewCell.h */,
				EB56B6051DA2B964001AFC87 /* AHTagTableViewCell.m */,
				EB56B6061DA2B964001AFC87 /* AHTagTableViewCell.xib */,
				EB56B6071DA2B964001AFC87 /* AHTagView.h */,
				EB56B6081DA2B964001AFC87 /* AHTagView.m */,
			);
			name = Tags;
			path = Models;
			sourceTree = "<group>";
		};
		EB56B6101DA2C4A3001AFC87 /* Common */ = {
			isa = PBXGroup;
			children = (
				EB4C80111DA4094F003CD3D6 /* MBProgressHUD.h */,
				EB4C80121DA4094F003CD3D6 /* MBProgressHUD.m */,
				EB4C7FDF1DA3FE69003CD3D6 /* SDWebImage */,
				EB56B5FB1DA2B958001AFC87 /* Tags */,
				EBC18F571DA0F508000E00FD /* DownLoadCategory.h */,
				EBC18F581DA0F508000E00FD /* DownLoadCategory.m */,
				EB56B60D1DA2C497001AFC87 /* FileHelper.h */,
				EB56B60E1DA2C497001AFC87 /* FileHelper.m */,
				EB2552DE1DA6ABD900FD4BC4 /* MDTimerBackGround.h */,
				EB2552DF1DA6ABD900FD4BC4 /* MDTimerBackGround.m */,
				EBFF14641DA04C2800CA98F1 /* IDZAQAudioPlayer */,
				EBFF13FC1DA01E4600CA98F1 /* SSZipArchive */,
				EBFF13A91DA00E1700CA98F1 /* AFNetworking */,
				EB11EE631D9AEBCF00804D34 /* Nav */,
			);
			name = Common;
			sourceTree = "<group>";
		};
		EBF9B5511DA54CC200F07655 /* FAVORITE */ = {
			isa = PBXGroup;
			children = (
				EBFB07A21D9EA06000AF2569 /* FavoriteView.h */,
				EBFB07A31D9EA06000AF2569 /* FavoriteView.m */,
				EBFB07A51D9EA07300AF2569 /* FavoriteView.xib */,
				EB56B6111DA2C697001AFC87 /* AddFavoriteView.h */,
				EB56B6121DA2C697001AFC87 /* AddFavoriteView.m */,
				EB56B6141DA2C6A9001AFC87 /* AddFavoriteView.xib */,
			);
			name = FAVORITE;
			sourceTree = "<group>";
		};
		EBF9B5521DA54CD200F07655 /* HOME */ = {
			isa = PBXGroup;
			children = (
				EB11EDFC1D9AB30B00804D34 /* HomeVC.h */,
				EB11EDFD1D9AB30B00804D34 /* HomeVC.m */,
				EB11EDFE1D9AB30B00804D34 /* HomeVC.xib */,
				EB11EE641D9AEC5200804D34 /* CollectionVC.h */,
				EB11EE651D9AEC5200804D34 /* CollectionVC.m */,
				EB11EE671D9AEC7000804D34 /* CollectionVC.xib */,
				EB11EE6B1D9AF4A300804D34 /* CollectionCell.h */,
				EB11EE6C1D9AF4A300804D34 /* CollectionCell.m */,
				EB11EE6D1D9AF4A300804D34 /* CollectionCell.xib */,
				EB0582571D9C0D2200E29C9B /* SpringboardLayout.h */,
				EB0582581D9C0D2200E29C9B /* SpringboardLayout.m */,
			);
			name = HOME;
			sourceTree = "<group>";
		};
		EBF9B5531DA54CE800F07655 /* TIMER */ = {
			isa = PBXGroup;
			children = (
				EBFB07A71D9EA08700AF2569 /* TimerView.h */,
				EBFB07A81D9EA08700AF2569 /* TimerView.m */,
				EBFB07AA1D9EA0A100AF2569 /* TimerView.xib */,
				EB4C7FD51DA3F3BF003CD3D6 /* TimerCell.h */,
				EB4C7FD61DA3F3BF003CD3D6 /* TimerCell.m */,
				EB4C7FD71DA3F3BF003CD3D6 /* TimerCell.xib */,
				EB4C7FD81DA3F3BF003CD3D6 /* CreaterTimer.h */,
				EB4C7FD91DA3F3BF003CD3D6 /* CreaterTimer.m */,
				EB4C7FDA1DA3F3BF003CD3D6 /* CreaterTimer.xib */,
			);
			name = TIMER;
			sourceTree = "<group>";
		};
		EBF9B5541DA54CF700F07655 /* VOLUME */ = {
			isa = PBXGroup;
			children = (
				EBFB07B41D9EAD7200AF2569 /* VolumeView.h */,
				EBFB07B51D9EAD7200AF2569 /* VolumeView.m */,
				EBFB07B71D9EAD8500AF2569 /* VolumeView.xib */,
				EB14BA6A1DA16FCA00385759 /* VolumeItem.h */,
				EB14BA6B1DA16FCA00385759 /* VolumeItem.m */,
				EB14BA6C1DA16FCA00385759 /* VolumeItem.xib */,
			);
			name = VOLUME;
			sourceTree = "<group>";
		};
		EBF9B5551DA54D0500F07655 /* SETTING */ = {
			isa = PBXGroup;
			children = (
				EBFB07AC1D9EA0C100AF2569 /* SettingView.h */,
				EBFB07AD1D9EA0C100AF2569 /* SettingView.m */,
				EBFB07AF1D9EA0D300AF2569 /* SettingView.xib */,
			);
			name = SETTING;
			sourceTree = "<group>";
		};
		EBFF13A91DA00E1700CA98F1 /* AFNetworking */ = {
			isa = PBXGroup;
			children = (
				EBFF13AA1DA00E1700CA98F1 /* AFHTTPSessionManager.h */,
				EBFF13AB1DA00E1700CA98F1 /* AFHTTPSessionManager.m */,
				EBFF13AC1DA00E1700CA98F1 /* AFNetworking.h */,
				EBFF13AD1DA00E1700CA98F1 /* AFNetworkReachabilityManager.h */,
				EBFF13AE1DA00E1700CA98F1 /* AFNetworkReachabilityManager.m */,
				EBFF13AF1DA00E1700CA98F1 /* AFSecurityPolicy.h */,
				EBFF13B01DA00E1700CA98F1 /* AFSecurityPolicy.m */,
				EBFF13B11DA00E1700CA98F1 /* AFURLRequestSerialization.h */,
				EBFF13B21DA00E1700CA98F1 /* AFURLRequestSerialization.m */,
				EBFF13B31DA00E1700CA98F1 /* AFURLResponseSerialization.h */,
				EBFF13B41DA00E1700CA98F1 /* AFURLResponseSerialization.m */,
				EBFF13B51DA00E1700CA98F1 /* AFURLSessionManager.h */,
				EBFF13B61DA00E1700CA98F1 /* AFURLSessionManager.m */,
			);
			path = AFNetworking;
			sourceTree = "<group>";
		};
		EBFF13FC1DA01E4600CA98F1 /* SSZipArchive */ = {
			isa = PBXGroup;
			children = (
				EBFF13FD1DA01E4600CA98F1 /* aes */,
				EBFF14131DA01E4600CA98F1 /* Info.plist */,
				EBFF14141DA01E4600CA98F1 /* minizip */,
				EBFF141F1DA01E4600CA98F1 /* SSZipArchive.h */,
				EBFF14201DA01E4600CA98F1 /* SSZipArchive.m */,
				EBFF14211DA01E4700CA98F1 /* SSZipCommon.h */,
				EBFF14221DA01E4700CA98F1 /* ZipArchive.h */,
			);
			path = SSZipArchive;
			sourceTree = "<group>";
		};
		EBFF13FD1DA01E4600CA98F1 /* aes */ = {
			isa = PBXGroup;
			children = (
				EBFF13FE1DA01E4600CA98F1 /* aes.h */,
				EBFF13FF1DA01E4600CA98F1 /* aes_via_ace.h */,
				EBFF14001DA01E4600CA98F1 /* aescrypt.c */,
				EBFF14011DA01E4600CA98F1 /* aeskey.c */,
				EBFF14021DA01E4600CA98F1 /* aesopt.h */,
				EBFF14031DA01E4600CA98F1 /* aestab.c */,
				EBFF14041DA01E4600CA98F1 /* aestab.h */,
				EBFF14051DA01E4600CA98F1 /* brg_endian.h */,
				EBFF14061DA01E4600CA98F1 /* brg_types.h */,
				EBFF14071DA01E4600CA98F1 /* entropy.c */,
				EBFF14081DA01E4600CA98F1 /* entropy.h */,
				EBFF14091DA01E4600CA98F1 /* fileenc.c */,
				EBFF140A1DA01E4600CA98F1 /* fileenc.h */,
				EBFF140B1DA01E4600CA98F1 /* hmac.c */,
				EBFF140C1DA01E4600CA98F1 /* hmac.h */,
				EBFF140D1DA01E4600CA98F1 /* prng.c */,
				EBFF140E1DA01E4600CA98F1 /* prng.h */,
				EBFF140F1DA01E4600CA98F1 /* pwd2key.c */,
				EBFF14101DA01E4600CA98F1 /* pwd2key.h */,
				EBFF14111DA01E4600CA98F1 /* sha1.c */,
				EBFF14121DA01E4600CA98F1 /* sha1.h */,
			);
			path = aes;
			sourceTree = "<group>";
		};
		EBFF14141DA01E4600CA98F1 /* minizip */ = {
			isa = PBXGroup;
			children = (
				EBFF14151DA01E4600CA98F1 /* crypt.h */,
				EBFF14161DA01E4600CA98F1 /* ioapi.c */,
				EBFF14171DA01E4600CA98F1 /* ioapi.h */,
				EBFF14181DA01E4600CA98F1 /* mztools.c */,
				EBFF14191DA01E4600CA98F1 /* mztools.h */,
				EBFF141A1DA01E4600CA98F1 /* unzip.c */,
				EBFF141B1DA01E4600CA98F1 /* unzip.h */,
				EBFF141C1DA01E4600CA98F1 /* zip.c */,
				EBFF141D1DA01E4600CA98F1 /* zip.h */,
			);
			path = minizip;
			sourceTree = "<group>";
		};
		EBFF14641DA04C2800CA98F1 /* IDZAQAudioPlayer */ = {
			isa = PBXGroup;
			children = (
				EBFF14651DA04C2800CA98F1 /* IDZAQAudioPlayerViewController.xib */,
				EBFF14671DA04C2800CA98F1 /* IDZAudioPlayerViewController.xib */,
				EBFF14691DA04C2800CA98F1 /* IDZAQAudioPlayer.h */,
				EBFF146A1DA04C2800CA98F1 /* IDZAQAudioPlayer.m */,
				EBFF146B1DA04C2800CA98F1 /* IDZAQAudioPlayerAppDelegate.h */,
				EBFF146C1DA04C2800CA98F1 /* IDZAQAudioPlayerAppDelegate.m */,
				EBFF146D1DA04C2800CA98F1 /* IDZAudioDecoder.h */,
				EBFF146E1DA04C2800CA98F1 /* IDZAudioPlayer.h */,
				EBFF146F1DA04C2800CA98F1 /* IDZAudioPlayerViewController.h */,
				EBFF14701DA04C2800CA98F1 /* IDZAudioPlayerViewController.m */,
				EBFF14711DA04C2800CA98F1 /* IDZOggVorbisFileDecoder.h */,
				EBFF14721DA04C2800CA98F1 /* IDZOggVorbisFileDecoder.mm */,
				EBFF14731DA04C2800CA98F1 /* IDZTrace.h */,
			);
			path = IDZAQAudioPlayer;
			sourceTree = "<group>";
		};
/* End PBXGroup section */

/* Begin PBXNativeTarget section */
		EB11EDC01D9AB24800804D34 /* RelaxApp */ = {
			isa = PBXNativeTarget;
			buildConfigurationList = EB11EDEE1D9AB24900804D34 /* Build configuration list for PBXNativeTarget "RelaxApp" */;
			buildPhases = (
				EB11EDBD1D9AB24800804D34 /* Sources */,
				EB11EDBE1D9AB24800804D34 /* Frameworks */,
				EB11EDBF1D9AB24800804D34 /* Resources */,
			);
			buildRules = (
			);
			dependencies = (
			);
			name = RelaxApp;
			productName = RelaxApp;
			productReference = EB11EDC11D9AB24900804D34 /* RelaxApp.app */;
			productType = "com.apple.product-type.application";
		};
		EB11EDD91D9AB24900804D34 /* RelaxAppTests */ = {
			isa = PBXNativeTarget;
			buildConfigurationList = EB11EDF11D9AB24900804D34 /* Build configuration list for PBXNativeTarget "RelaxAppTests" */;
			buildPhases = (
				EB11EDD61D9AB24900804D34 /* Sources */,
				EB11EDD71D9AB24900804D34 /* Frameworks */,
				EB11EDD81D9AB24900804D34 /* Resources */,
			);
			buildRules = (
			);
			dependencies = (
				EB11EDDC1D9AB24900804D34 /* PBXTargetDependency */,
			);
			name = RelaxAppTests;
			productName = RelaxAppTests;
			productReference = EB11EDDA1D9AB24900804D34 /* RelaxAppTests.xctest */;
			productType = "com.apple.product-type.bundle.unit-test";
		};
		EB11EDE41D9AB24900804D34 /* RelaxAppUITests */ = {
			isa = PBXNativeTarget;
			buildConfigurationList = EB11EDF41D9AB24900804D34 /* Build configuration list for PBXNativeTarget "RelaxAppUITests" */;
			buildPhases = (
				EB11EDE11D9AB24900804D34 /* Sources */,
				EB11EDE21D9AB24900804D34 /* Frameworks */,
				EB11EDE31D9AB24900804D34 /* Resources */,
			);
			buildRules = (
			);
			dependencies = (
				EB11EDE71D9AB24900804D34 /* PBXTargetDependency */,
			);
			name = RelaxAppUITests;
			productName = RelaxAppUITests;
			productReference = EB11EDE51D9AB24900804D34 /* RelaxAppUITests.xctest */;
			productType = "com.apple.product-type.bundle.ui-testing";
		};
/* End PBXNativeTarget section */

/* Begin PBXProject section */
		EB11EDB91D9AB24800804D34 /* Project object */ = {
			isa = PBXProject;
			attributes = {
				LastUpgradeCheck = 0800;
				ORGANIZATIONNAME = JoJo;
				TargetAttributes = {
					EB11EDC01D9AB24800804D34 = {
						CreatedOnToolsVersion = 8.0;
						ProvisioningStyle = Automatic;
					};
					EB11EDD91D9AB24900804D34 = {
						CreatedOnToolsVersion = 8.0;
						ProvisioningStyle = Automatic;
						TestTargetID = EB11EDC01D9AB24800804D34;
					};
					EB11EDE41D9AB24900804D34 = {
						CreatedOnToolsVersion = 8.0;
						ProvisioningStyle = Automatic;
						TestTargetID = EB11EDC01D9AB24800804D34;
					};
				};
			};
			buildConfigurationList = EB11EDBC1D9AB24800804D34 /* Build configuration list for PBXProject "RelaxApp" */;
			compatibilityVersion = "Xcode 3.2";
			developmentRegion = English;
			hasScannedForEncodings = 0;
			knownRegions = (
				en,
				Base,
			);
			mainGroup = EB11EDB81D9AB24800804D34;
			productRefGroup = EB11EDC21D9AB24900804D34 /* Products */;
			projectDirPath = "";
			projectRoot = "";
			targets = (
				EB11EDC01D9AB24800804D34 /* RelaxApp */,
				EB11EDD91D9AB24900804D34 /* RelaxAppTests */,
				EB11EDE41D9AB24900804D34 /* RelaxAppUITests */,
			);
		};
/* End PBXProject section */

/* Begin PBXResourcesBuildPhase section */
		EB11EDBF1D9AB24800804D34 /* Resources */ = {
			isa = PBXResourcesBuildPhase;
			buildActionMask = 2147483647;
			files = (
				EB56B6151DA2C6A9001AFC87 /* AddFavoriteView.xib in Resources */,
				EBFB07B01D9EA0D300AF2569 /* SettingView.xib in Resources */,
				EBFF14751DA04C2800CA98F1 /* IDZAudioPlayerViewController.xib in Resources */,
				EB14BA6E1DA16FCA00385759 /* VolumeItem.xib in Resources */,
				EB4C7FDC1DA3F3BF003CD3D6 /* TimerCell.xib in Resources */,
				EB11EDD11D9AB24900804D34 /* Assets.xcassets in Resources */,
				EB11EE6F1D9AF4A300804D34 /* CollectionCell.xib in Resources */,
				EB56B60B1DA2B964001AFC87 /* AHTagTableViewCell.xib in Resources */,
				EB11EE681D9AEC7000804D34 /* CollectionVC.xib in Resources */,
				EB11EE0D1D9AB7AF00804D34 /* TabVC.xib in Resources */,
				EBFF142C1DA01E4700CA98F1 /* Info.plist in Resources */,
				EB4C80001DA3FE69003CD3D6 /* LICENSE in Resources */,
				EBFB07AB1D9EA0A100AF2569 /* TimerView.xib in Resources */,
				EB11EE001D9AB30B00804D34 /* HomeVC.xib in Resources */,
				EB11EE121D9AC16100804D34 /* MainNavHome.xib in Resources */,
				EBFB07B81D9EAD8500AF2569 /* VolumeView.xib in Resources */,
				EBFB07A61D9EA07300AF2569 /* FavoriteView.xib in Resources */,
				EB4C7FDE1DA3F3BF003CD3D6 /* CreaterTimer.xib in Resources */,
				EB11EE1A1D9AC55300804D34 /* BaseNavigation.xib in Resources */,
				EBFF14741DA04C2800CA98F1 /* IDZAQAudioPlayerViewController.xib in Resources */,
			);
			runOnlyForDeploymentPostprocessing = 0;
		};
		EB11EDD81D9AB24900804D34 /* Resources */ = {
			isa = PBXResourcesBuildPhase;
			buildActionMask = 2147483647;
			files = (
			);
			runOnlyForDeploymentPostprocessing = 0;
		};
		EB11EDE31D9AB24900804D34 /* Resources */ = {
			isa = PBXResourcesBuildPhase;
			buildActionMask = 2147483647;
			files = (
			);
			runOnlyForDeploymentPostprocessing = 0;
		};
/* End PBXResourcesBuildPhase section */

/* Begin PBXSourcesBuildPhase section */
		EB11EDBD1D9AB24800804D34 /* Sources */ = {
			isa = PBXSourcesBuildPhase;
			buildActionMask = 2147483647;
			files = (
				EB56B6131DA2C697001AFC87 /* AddFavoriteView.m in Sources */,
				EB56B6001DA2B958001AFC87 /* AHTag.m in Sources */,
				EBC18F591DA0F508000E00FD /* DownLoadCategory.m in Sources */,
				EB4C80071DA3FE69003CD3D6 /* SDWebImageDownloaderOperation.m in Sources */,
				EBFF14761DA04C2800CA98F1 /* IDZAQAudioPlayer.m in Sources */,
				EB56B60F1DA2C497001AFC87 /* FileHelper.m in Sources */,
				EB4C7FDB1DA3F3BF003CD3D6 /* TimerCell.m in Sources */,
				EBFF14791DA04C2800CA98F1 /* IDZOggVorbisFileDecoder.mm in Sources */,
				EBFB07A91D9EA08700AF2569 /* TimerView.m in Sources */,
				EB11EDC91D9AB24900804D34 /* AppDelegate.m in Sources */,
				EBFB07B31D9EA1F000AF2569 /* BaseView.m in Sources */,
				EBFF14771DA04C2800CA98F1 /* IDZAQAudioPlayerAppDelegate.m in Sources */,
				EBFF14241DA01E4700CA98F1 /* aeskey.c in Sources */,
				EB11EE0C1D9AB7AF00804D34 /* TabVC.m in Sources */,
				EBFF142E1DA01E4700CA98F1 /* mztools.c in Sources */,
				EB4C7FDD1DA3F3BF003CD3D6 /* CreaterTimer.m in Sources */,
				EBFF14261DA01E4700CA98F1 /* entropy.c in Sources */,
				EB11EE6E1D9AF4A300804D34 /* CollectionCell.m in Sources */,
				EB11EE111D9AC16100804D34 /* MainNavHome.m in Sources */,
				EBFF14281DA01E4700CA98F1 /* hmac.c in Sources */,
				EBFB07A41D9EA06000AF2569 /* FavoriteView.m in Sources */,
				EB4C80081DA3FE69003CD3D6 /* SDWebImageManager.m in Sources */,
				EBFF142D1DA01E4700CA98F1 /* ioapi.c in Sources */,
				EBFF13BA1DA00E1700CA98F1 /* AFURLRequestSerialization.m in Sources */,
				EB4C800C1DA3FE69003CD3D6 /* UIImage+MultiFormat.m in Sources */,
				EB4C80091DA3FE69003CD3D6 /* SDWebImagePrefetcher.m in Sources */,
				EB11EE191D9AC55300804D34 /* BaseNavigation.m in Sources */,
				EB4C800F1DA3FE69003CD3D6 /* UIView+WebCacheOperation.m in Sources */,
				EBFF13B91DA00E1700CA98F1 /* AFSecurityPolicy.m in Sources */,
				EB56B60C1DA2B964001AFC87 /* AHTagView.m in Sources */,
				EBFF14291DA01E4700CA98F1 /* prng.c in Sources */,
				EBFF14251DA01E4700CA98F1 /* aestab.c in Sources */,
				EB4C80051DA3FE69003CD3D6 /* SDWebImageDecoder.m in Sources */,
				EB56B6091DA2B964001AFC87 /* AHTagsLabel.m in Sources */,
				EB11EE031D9AB4BA00804D34 /* MainNavigationController.m in Sources */,
				EBFF14301DA01E4700CA98F1 /* zip.c in Sources */,
				EBFF142A1DA01E4700CA98F1 /* pwd2key.c in Sources */,
				EB4C80131DA4094F003CD3D6 /* MBProgressHUD.m in Sources */,
				EB4C80041DA3FE69003CD3D6 /* SDWebImageCompat.m in Sources */,
				EB11EDC61D9AB24900804D34 /* main.m in Sources */,
				EB4C800A1DA3FE69003CD3D6 /* UIButton+WebCache.m in Sources */,
				EBFF13B81DA00E1700CA98F1 /* AFNetworkReachabilityManager.m in Sources */,
				EBFB07B61D9EAD7200AF2569 /* VolumeView.m in Sources */,
				EBFB07AE1D9EA0C100AF2569 /* SettingView.m in Sources */,
				EB4C800E1DA3FE69003CD3D6 /* UIImageView+WebCache.m in Sources */,
				EBFF13BC1DA00E1700CA98F1 /* AFURLSessionManager.m in Sources */,
				EBFF14231DA01E4700CA98F1 /* aescrypt.c in Sources */,
				EB11EDFF1D9AB30B00804D34 /* HomeVC.m in Sources */,
				EB4C80061DA3FE69003CD3D6 /* SDWebImageDownloader.m in Sources */,
				EBFF14781DA04C2800CA98F1 /* IDZAudioPlayerViewController.m in Sources */,
				EB2552E01DA6ABD900FD4BC4 /* MDTimerBackGround.m in Sources */,
				EB4C80031DA3FE69003CD3D6 /* SDImageCache.m in Sources */,
				EB56B60A1DA2B964001AFC87 /* AHTagTableViewCell.m in Sources */,
				EBFF14271DA01E4700CA98F1 /* fileenc.c in Sources */,
				EB0582591D9C0D2200E29C9B /* SpringboardLayout.m in Sources */,
				EB4C80021DA3FE69003CD3D6 /* NSData+ImageContentType.m in Sources */,
				EBFF142F1DA01E4700CA98F1 /* unzip.c in Sources */,
				EB4C800B1DA3FE69003CD3D6 /* UIImage+GIF.m in Sources */,
				EB4C800D1DA3FE69003CD3D6 /* UIImageView+HighlightedWebCache.m in Sources */,
				EB11EE661D9AEC5200804D34 /* CollectionVC.m in Sources */,
				EBFF13B71DA00E1700CA98F1 /* AFHTTPSessionManager.m in Sources */,
				EB4C80011DA3FE69003CD3D6 /* README.md in Sources */,
				EBFF13BB1DA00E1700CA98F1 /* AFURLResponseSerialization.m in Sources */,
				EB11EE151D9AC41600804D34 /* MainNavigationBaseView.m in Sources */,
				EBFF142B1DA01E4700CA98F1 /* sha1.c in Sources */,
				EB14BA6D1DA16FCA00385759 /* VolumeItem.m in Sources */,
				EBFF14321DA01E4700CA98F1 /* SSZipArchive.m in Sources */,
			);
			runOnlyForDeploymentPostprocessing = 0;
		};
		EB11EDD61D9AB24900804D34 /* Sources */ = {
			isa = PBXSourcesBuildPhase;
			buildActionMask = 2147483647;
			files = (
				EB11EDDF1D9AB24900804D34 /* RelaxAppTests.m in Sources */,
			);
			runOnlyForDeploymentPostprocessing = 0;
		};
		EB11EDE11D9AB24900804D34 /* Sources */ = {
			isa = PBXSourcesBuildPhase;
			buildActionMask = 2147483647;
			files = (
				EB11EDEA1D9AB24900804D34 /* RelaxAppUITests.m in Sources */,
			);
			runOnlyForDeploymentPostprocessing = 0;
		};
/* End PBXSourcesBuildPhase section */

/* Begin PBXTargetDependency section */
		EB11EDDC1D9AB24900804D34 /* PBXTargetDependency */ = {
			isa = PBXTargetDependency;
			target = EB11EDC01D9AB24800804D34 /* RelaxApp */;
			targetProxy = EB11EDDB1D9AB24900804D34 /* PBXContainerItemProxy */;
		};
		EB11EDE71D9AB24900804D34 /* PBXTargetDependency */ = {
			isa = PBXTargetDependency;
			target = EB11EDC01D9AB24800804D34 /* RelaxApp */;
			targetProxy = EB11EDE61D9AB24900804D34 /* PBXContainerItemProxy */;
		};
/* End PBXTargetDependency section */

/* Begin PBXVariantGroup section */
		EBFF14651DA04C2800CA98F1 /* IDZAQAudioPlayerViewController.xib */ = {
			isa = PBXVariantGroup;
			children = (
				EBFF14661DA04C2800CA98F1 /* en */,
			);
			name = IDZAQAudioPlayerViewController.xib;
			sourceTree = "<group>";
		};
		EBFF14671DA04C2800CA98F1 /* IDZAudioPlayerViewController.xib */ = {
			isa = PBXVariantGroup;
			children = (
				EBFF14681DA04C2800CA98F1 /* en */,
			);
			name = IDZAudioPlayerViewController.xib;
			sourceTree = "<group>";
		};
/* End PBXVariantGroup section */

/* Begin XCBuildConfiguration section */
		EB11EDEC1D9AB24900804D34 /* Debug */ = {
			isa = XCBuildConfiguration;
			buildSettings = {
				ALWAYS_SEARCH_USER_PATHS = NO;
				CLANG_ANALYZER_NONNULL = YES;
				CLANG_CXX_LANGUAGE_STANDARD = "gnu++0x";
				CLANG_CXX_LIBRARY = "libc++";
				CLANG_ENABLE_MODULES = YES;
				CLANG_ENABLE_OBJC_ARC = YES;
				CLANG_WARN_BOOL_CONVERSION = YES;
				CLANG_WARN_CONSTANT_CONVERSION = YES;
				CLANG_WARN_DIRECT_OBJC_ISA_USAGE = YES_ERROR;
				CLANG_WARN_DOCUMENTATION_COMMENTS = YES;
				CLANG_WARN_EMPTY_BODY = YES;
				CLANG_WARN_ENUM_CONVERSION = YES;
				CLANG_WARN_INFINITE_RECURSION = YES;
				CLANG_WARN_INT_CONVERSION = YES;
				CLANG_WARN_OBJC_ROOT_CLASS = YES_ERROR;
				CLANG_WARN_SUSPICIOUS_MOVES = YES;
				CLANG_WARN_UNREACHABLE_CODE = YES;
				CLANG_WARN__DUPLICATE_METHOD_MATCH = YES;
				"CODE_SIGN_IDENTITY[sdk=iphoneos*]" = "iPhone Developer";
				COPY_PHASE_STRIP = NO;
				DEBUG_INFORMATION_FORMAT = dwarf;
				ENABLE_STRICT_OBJC_MSGSEND = YES;
				ENABLE_TESTABILITY = YES;
				GCC_C_LANGUAGE_STANDARD = gnu99;
				GCC_DYNAMIC_NO_PIC = NO;
				GCC_NO_COMMON_BLOCKS = YES;
				GCC_OPTIMIZATION_LEVEL = 0;
				GCC_PREPROCESSOR_DEFINITIONS = (
					"DEBUG=1",
					"$(inherited)",
				);
				GCC_WARN_64_TO_32_BIT_CONVERSION = YES;
				GCC_WARN_ABOUT_RETURN_TYPE = YES_ERROR;
				GCC_WARN_UNDECLARED_SELECTOR = YES;
				GCC_WARN_UNINITIALIZED_AUTOS = YES_AGGRESSIVE;
				GCC_WARN_UNUSED_FUNCTION = YES;
				GCC_WARN_UNUSED_VARIABLE = YES;
				IPHONEOS_DEPLOYMENT_TARGET = 10.0;
				MTL_ENABLE_DEBUG_INFO = YES;
				ONLY_ACTIVE_ARCH = YES;
				SDKROOT = iphoneos;
				TARGETED_DEVICE_FAMILY = "1,2";
			};
			name = Debug;
		};
		EB11EDED1D9AB24900804D34 /* Release */ = {
			isa = XCBuildConfiguration;
			buildSettings = {
				ALWAYS_SEARCH_USER_PATHS = NO;
				CLANG_ANALYZER_NONNULL = YES;
				CLANG_CXX_LANGUAGE_STANDARD = "gnu++0x";
				CLANG_CXX_LIBRARY = "libc++";
				CLANG_ENABLE_MODULES = YES;
				CLANG_ENABLE_OBJC_ARC = YES;
				CLANG_WARN_BOOL_CONVERSION = YES;
				CLANG_WARN_CONSTANT_CONVERSION = YES;
				CLANG_WARN_DIRECT_OBJC_ISA_USAGE = YES_ERROR;
				CLANG_WARN_DOCUMENTATION_COMMENTS = YES;
				CLANG_WARN_EMPTY_BODY = YES;
				CLANG_WARN_ENUM_CONVERSION = YES;
				CLANG_WARN_INFINITE_RECURSION = YES;
				CLANG_WARN_INT_CONVERSION = YES;
				CLANG_WARN_OBJC_ROOT_CLASS = YES_ERROR;
				CLANG_WARN_SUSPICIOUS_MOVES = YES;
				CLANG_WARN_UNREACHABLE_CODE = YES;
				CLANG_WARN__DUPLICATE_METHOD_MATCH = YES;
				"CODE_SIGN_IDENTITY[sdk=iphoneos*]" = "iPhone Developer";
				COPY_PHASE_STRIP = NO;
				DEBUG_INFORMATION_FORMAT = "dwarf-with-dsym";
				ENABLE_NS_ASSERTIONS = NO;
				ENABLE_STRICT_OBJC_MSGSEND = YES;
				GCC_C_LANGUAGE_STANDARD = gnu99;
				GCC_NO_COMMON_BLOCKS = YES;
				GCC_WARN_64_TO_32_BIT_CONVERSION = YES;
				GCC_WARN_ABOUT_RETURN_TYPE = YES_ERROR;
				GCC_WARN_UNDECLARED_SELECTOR = YES;
				GCC_WARN_UNINITIALIZED_AUTOS = YES_AGGRESSIVE;
				GCC_WARN_UNUSED_FUNCTION = YES;
				GCC_WARN_UNUSED_VARIABLE = YES;
				IPHONEOS_DEPLOYMENT_TARGET = 10.0;
				MTL_ENABLE_DEBUG_INFO = NO;
				SDKROOT = iphoneos;
				TARGETED_DEVICE_FAMILY = "1,2";
				VALIDATE_PRODUCT = YES;
			};
			name = Release;
		};
		EB11EDEF1D9AB24900804D34 /* Debug */ = {
			isa = XCBuildConfiguration;
			buildSettings = {
				ASSETCATALOG_COMPILER_APPICON_NAME = AppIcon;
				ASSETCATALOG_COMPILER_LAUNCHIMAGE_NAME = LaunchImage;
				DEVELOPMENT_TEAM = "";
				FRAMEWORK_SEARCH_PATHS = (
					"$(inherited)",
					"$(PROJECT_DIR)/Frameworks",
				);
				INFOPLIST_FILE = RelaxApp/Info.plist;
				LD_RUNPATH_SEARCH_PATHS = "$(inherited) @executable_path/Frameworks";
				PRODUCT_BUNDLE_IDENTIFIER = manh.jojo.RelaxApp;
				PRODUCT_NAME = "$(TARGET_NAME)";
			};
			name = Debug;
		};
		EB11EDF01D9AB24900804D34 /* Release */ = {
			isa = XCBuildConfiguration;
			buildSettings = {
				ASSETCATALOG_COMPILER_APPICON_NAME = AppIcon;
				ASSETCATALOG_COMPILER_LAUNCHIMAGE_NAME = LaunchImage;
				DEVELOPMENT_TEAM = "";
				FRAMEWORK_SEARCH_PATHS = (
					"$(inherited)",
					"$(PROJECT_DIR)/Frameworks",
				);
				INFOPLIST_FILE = RelaxApp/Info.plist;
				LD_RUNPATH_SEARCH_PATHS = "$(inherited) @executable_path/Frameworks";
				PRODUCT_BUNDLE_IDENTIFIER = manh.jojo.RelaxApp;
				PRODUCT_NAME = "$(TARGET_NAME)";
			};
			name = Release;
		};
		EB11EDF21D9AB24900804D34 /* Debug */ = {
			isa = XCBuildConfiguration;
			buildSettings = {
				BUNDLE_LOADER = "$(TEST_HOST)";
				INFOPLIST_FILE = RelaxAppTests/Info.plist;
				LD_RUNPATH_SEARCH_PATHS = "$(inherited) @executable_path/Frameworks @loader_path/Frameworks";
				PRODUCT_BUNDLE_IDENTIFIER = manh.jojo.RelaxAppTests;
				PRODUCT_NAME = "$(TARGET_NAME)";
				TEST_HOST = "$(BUILT_PRODUCTS_DIR)/RelaxApp.app/RelaxApp";
			};
			name = Debug;
		};
		EB11EDF31D9AB24900804D34 /* Release */ = {
			isa = XCBuildConfiguration;
			buildSettings = {
				BUNDLE_LOADER = "$(TEST_HOST)";
				INFOPLIST_FILE = RelaxAppTests/Info.plist;
				LD_RUNPATH_SEARCH_PATHS = "$(inherited) @executable_path/Frameworks @loader_path/Frameworks";
				PRODUCT_BUNDLE_IDENTIFIER = manh.jojo.RelaxAppTests;
				PRODUCT_NAME = "$(TARGET_NAME)";
				TEST_HOST = "$(BUILT_PRODUCTS_DIR)/RelaxApp.app/RelaxApp";
			};
			name = Release;
		};
		EB11EDF51D9AB24900804D34 /* Debug */ = {
			isa = XCBuildConfiguration;
			buildSettings = {
				INFOPLIST_FILE = RelaxAppUITests/Info.plist;
				LD_RUNPATH_SEARCH_PATHS = "$(inherited) @executable_path/Frameworks @loader_path/Frameworks";
				PRODUCT_BUNDLE_IDENTIFIER = manh.jojo.RelaxAppUITests;
				PRODUCT_NAME = "$(TARGET_NAME)";
				TEST_TARGET_NAME = RelaxApp;
			};
			name = Debug;
		};
		EB11EDF61D9AB24900804D34 /* Release */ = {
			isa = XCBuildConfiguration;
			buildSettings = {
				INFOPLIST_FILE = RelaxAppUITests/Info.plist;
				LD_RUNPATH_SEARCH_PATHS = "$(inherited) @executable_path/Frameworks @loader_path/Frameworks";
				PRODUCT_BUNDLE_IDENTIFIER = manh.jojo.RelaxAppUITests;
				PRODUCT_NAME = "$(TARGET_NAME)";
				TEST_TARGET_NAME = RelaxApp;
			};
			name = Release;
		};
/* End XCBuildConfiguration section */

/* Begin XCConfigurationList section */
		EB11EDBC1D9AB24800804D34 /* Build configuration list for PBXProject "RelaxApp" */ = {
			isa = XCConfigurationList;
			buildConfigurations = (
				EB11EDEC1D9AB24900804D34 /* Debug */,
				EB11EDED1D9AB24900804D34 /* Release */,
			);
			defaultConfigurationIsVisible = 0;
			defaultConfigurationName = Release;
		};
		EB11EDEE1D9AB24900804D34 /* Build configuration list for PBXNativeTarget "RelaxApp" */ = {
			isa = XCConfigurationList;
			buildConfigurations = (
				EB11EDEF1D9AB24900804D34 /* Debug */,
				EB11EDF01D9AB24900804D34 /* Release */,
			);
			defaultConfigurationIsVisible = 0;
			defaultConfigurationName = Release;
		};
		EB11EDF11D9AB24900804D34 /* Build configuration list for PBXNativeTarget "RelaxAppTests" */ = {
			isa = XCConfigurationList;
			buildConfigurations = (
				EB11EDF21D9AB24900804D34 /* Debug */,
				EB11EDF31D9AB24900804D34 /* Release */,
			);
			defaultConfigurationIsVisible = 0;
			defaultConfigurationName = Release;
		};
		EB11EDF41D9AB24900804D34 /* Build configuration list for PBXNativeTarget "RelaxAppUITests" */ = {
			isa = XCConfigurationList;
			buildConfigurations = (
				EB11EDF51D9AB24900804D34 /* Debug */,
				EB11EDF61D9AB24900804D34 /* Release */,
			);
			defaultConfigurationIsVisible = 0;
			defaultConfigurationName = Release;
		};
/* End XCConfigurationList section */
	};
	rootObject = EB11EDB91D9AB24800804D34 /* Project object */;
}
